<?xml version="1.0" encoding="utf-8"?>
<Project ToolsVersion="4.0" xmlns="http://schemas.microsoft.com/developer/msbuild/2003">
  <ItemGroup>
    <Filter Include="Source Files">
      <UniqueIdentifier>{6180bb6c-717a-46ee-b1fe-03b88c46dc25}</UniqueIdentifier>
      <Extensions>cpp;c;cxx;rc;def;r;odl;idl;hpj;bat</Extensions>
    </Filter>
    <Filter Include="Header Files">
      <UniqueIdentifier>{5b0a8a9b-1848-405d-b838-cec013f10d53}</UniqueIdentifier>
      <Extensions>h;hpp;hxx;hm;inl</Extensions>
    </Filter>
    <Filter Include="Resource Files">
      <UniqueIdentifier>{3693650b-efbd-4704-bf15-cd7ab07ae9f8}</UniqueIdentifier>
      <Extensions>ico;cur;bmp;dlg;rc2;rct;bin;cnt;rtf;gif;jpg;jpeg;jpe</Extensions>
    </Filter>
  </ItemGroup>
  <ItemGroup>
    <ClCompile Include="Mobs\Character.cpp">
      <Filter>Source Files</Filter>
    </ClCompile>
    <ClCompile Include="DM.cpp">
      <Filter>Source Files</Filter>
    </ClCompile>
    <ClCompile Include="DMDoc.cpp">
      <Filter>Source Files</Filter>
    </ClCompile>
    <ClCompile Include="Views\DMView.cpp">
      <Filter>Source Files</Filter>
    </ClCompile>
    <ClCompile Include="Feld.cpp">
      <Filter>Source Files</Filter>
    </ClCompile>
    <ClCompile Include="Mobs\MobGroups\GrpChar.cpp">
      <Filter>Source Files</Filter>
    </ClCompile>
    <ClCompile Include="Mobs\MobGroups\GrpHeld.cpp">
      <Filter>Source Files</Filter>
    </ClCompile>
    <ClCompile Include="Mobs\MobGroups\GrpMonster.cpp">
      <Filter>Source Files</Filter>
    </ClCompile>
    <ClCompile Include="Mobs\Held.cpp">
      <Filter>Source Files</Filter>
    </ClCompile>
    <ClCompile Include="MainFrm.cpp">
      <Filter>Source Files</Filter>
    </ClCompile>
    <ClCompile Include="Mobs\Monster.cpp">
      <Filter>Source Files</Filter>
    </ClCompile>
    <ClCompile Include="Views\RaumView.cpp">
      <Filter>Source Files</Filter>
    </ClCompile>
    <ClCompile Include="Rucksack.cpp">
      <Filter>Source Files</Filter>
    </ClCompile>
    <ClCompile Include="StdAfx.cpp">
      <Filter>Source Files</Filter>
    </ClCompile>
    <ClCompile Include="Views\ZauberView.cpp">
      <Filter>Source Files</Filter>
    </ClCompile>
    <ClCompile Include="Items\FloorDecoration.cpp">
      <Filter>Source Files</Filter>
    </ClCompile>
    <ClCompile Include="Pictures\CPictures.cpp">
      <Filter>Source Files</Filter>
    </ClCompile>
    <ClCompile Include="CalculationHelper\CHelpfulValues.cpp">
      <Filter>Source Files</Filter>
    </ClCompile>
    <ClCompile Include="SpecialTile\CDoor.cpp">
      <Filter>Source Files</Filter>
    </ClCompile>
    <ClCompile Include="Pictures\CDoorPic.cpp">
      <Filter>Source Files</Filter>
    </ClCompile>
    <ClCompile Include="Pictures\CBasePictures.cpp">
      <Filter>Source Files</Filter>
    </ClCompile>
    <ClCompile Include="Pictures\CWallPic.cpp">
      <Filter>Source Files</Filter>
    </ClCompile>
    <ClCompile Include="CalculationHelper\CScreenCoords.cpp">
      <Filter>Source Files</Filter>
    </ClCompile>
    <ClCompile Include="XMLParser\CDungeonMap.cpp">
      <Filter>Source Files</Filter>
    </ClCompile>
    <ClCompile Include="TinyXML\tinystr.cpp">
      <Filter>Source Files</Filter>
    </ClCompile>
    <ClCompile Include="TinyXML\tinyxml.cpp">
      <Filter>Source Files</Filter>
    </ClCompile>
    <ClCompile Include="TinyXML\tinyxmlerror.cpp">
      <Filter>Source Files</Filter>
    </ClCompile>
    <ClCompile Include="TinyXML\tinyxmlparser.cpp">
      <Filter>Source Files</Filter>
    </ClCompile>
    <ClCompile Include="Pictures\Creatures\CSkeletonPic.cpp">
      <Filter>Source Files</Filter>
    </ClCompile>
    <ClCompile Include="Pictures\Creatures\CMummyPic.cpp">
      <Filter>Source Files</Filter>
    </ClCompile>
    <ClCompile Include="Pictures\Creatures\CMonsterPic.cpp">
      <Filter>Source Files</Filter>
    </ClCompile>
    <ClCompile Include="Pictures\CStairsPic.cpp">
      <Filter>Source Files</Filter>
    </ClCompile>
    <ClCompile Include="SpecialTile\CStairs.cpp">
      <Filter>Source Files</Filter>
    </ClCompile>
    <ClCompile Include="SpecialTile\CTile.cpp">
      <Filter>Source Files</Filter>
    </ClCompile>
    <ClCompile Include="Items\CMiscellaneous.cpp">
      <Filter>Source Files</Filter>
    </ClCompile>
    <ClCompile Include="Pictures\Items2D\CItemPic.cpp">
      <Filter>Source Files</Filter>
    </ClCompile>
    <ClCompile Include="Pictures\Items3D\CItem3DPic.cpp">
      <Filter>Source Files</Filter>
    </ClCompile>
    <ClCompile Include="ColorCursor\ColorCursor.cpp">
      <Filter>Source Files</Filter>
    </ClCompile>
    <ClCompile Include="Pictures\CPressurePadPic.cpp">
      <Filter>Source Files</Filter>
    </ClCompile>
    <ClCompile Include="Items\CActuator.cpp">
      <Filter>Source Files</Filter>
    </ClCompile>
    <ClCompile Include="Pictures\CFloorOrnatePic.cpp">
      <Filter>Source Files</Filter>
    </ClCompile>
    <ClCompile Include="SpecialTile\CPit.cpp">
      <Filter>Source Files</Filter>
    </ClCompile>
    <ClCompile Include="Pictures\CPitPic.cpp">
      <Filter>Source Files</Filter>
    </ClCompile>
    <ClCompile Include="Pictures\CTeleportPic.cpp">
      <Filter>Source Files</Filter>
    </ClCompile>
    <ClCompile Include="SpecialTile\CTeleporter.cpp">
      <Filter>Source Files</Filter>
    </ClCompile>
    <ClCompile Include="Attributes\TeleporterAttributes.cpp">
      <Filter>Source Files</Filter>
    </ClCompile>
    <ClCompile Include="Views\CGroupView.cpp">
      <Filter>Source Files</Filter>
    </ClCompile>
    <ClCompile Include="Pictures\CWallDecoPic.cpp">
      <Filter>Source Files</Filter>
    </ClCompile>
    <ClCompile Include="Attributes\CreatureAttributes.cpp">
      <Filter>Source Files</Filter>
    </ClCompile>
    <ClCompile Include="Items\WallDecoration.cpp">
      <Filter>Source Files</Filter>
    </ClCompile>
    <ClCompile Include="Attributes\DoorAttributes.cpp">
      <Filter>Source Files</Filter>
    </ClCompile>
    <ClCompile Include="Items\Item.cpp">
      <Filter>Source Files</Filter>
    </ClCompile>
    <ClCompile Include="Items\Weapon.cpp">
      <Filter>Source Files</Filter>
    </ClCompile>
    <ClCompile Include="Attributes\MiscellaneousAttributes.cpp">
      <Filter>Source Files</Filter>
    </ClCompile>
    <ClCompile Include="Attributes\WeaponAttributes.cpp">
      <Filter>Source Files</Filter>
    </ClCompile>
    <ClCompile Include="Attributes\ClothAttributes.cpp">
      <Filter>Source Files</Filter>
    </ClCompile>
    <ClCompile Include="Items\CCloth.cpp">
      <Filter>Source Files</Filter>
    </ClCompile>
    <ClCompile Include="XMLParser\ItemInfos.cpp">
      <Filter>Source Files</Filter>
    </ClCompile>
    <ClCompile Include="Consts\WeaponConst.cpp">
      <Filter>Source Files</Filter>
    </ClCompile>
    <ClCompile Include="Consts\ClothConst.cpp">
      <Filter>Source Files</Filter>
    </ClCompile>
    <ClCompile Include="Consts\ItemConst.cpp">
      <Filter>Source Files</Filter>
    </ClCompile>
    <ClCompile Include="Consts\MiscConst.cpp">
      <Filter>Source Files</Filter>
    </ClCompile>
    <ClCompile Include="Pictures\Creatures\ScreamerPic.cpp">
      <Filter>Source Files</Filter>
    </ClCompile>
    <ClCompile Include="Pictures\Creatures\RockPilePic.cpp">
      <Filter>Source Files</Filter>
    </ClCompile>
    <ClCompile Include="XMLParser\AttackInfos.cpp">
      <Filter>Source Files</Filter>
    </ClCompile>
    <ClCompile Include="Consts\AttackConst.cpp">
      <Filter>Source Files</Filter>
    </ClCompile>
    <ClCompile Include="XMLParser\MonsterInfos.cpp">
      <Filter>Source Files</Filter>
    </ClCompile>
    <ClCompile Include="Consts\MonsterConst.cpp">
      <Filter>Source Files</Filter>
    </ClCompile>
    <ClCompile Include="Pictures\Creatures\MagentaWormPic.cpp">
      <Filter>Source Files</Filter>
    </ClCompile>
    <ClCompile Include="CalculationHelper\ZoomBlt.cpp">
      <Filter>Source Files</Filter>
    </ClCompile>
    <ClCompile Include="Pictures\Creatures\TrolinPic.cpp">
      <Filter>Source Files</Filter>
    </ClCompile>
    <ClCompile Include="Items\MovingObject.cpp">
      <Filter>Source Files</Filter>
    </ClCompile>
    <ClCompile Include="Items\MagicMissile.cpp">
      <Filter>Source Files</Filter>
    </ClCompile>
    <ClCompile Include="Pictures\MagicMissilePic.cpp">
      <Filter>Source Files</Filter>
    </ClCompile>
    <ClCompile Include="Items\Potion.cpp">
      <Filter>Source Files</Filter>
    </ClCompile>
    <ClCompile Include="Attributes\PotionAttributes.cpp">
      <Filter>Source Files</Filter>
    </ClCompile>
    <ClCompile Include="Attributes\ScrollAttributes.cpp">
      <Filter>Source Files</Filter>
    </ClCompile>
    <ClCompile Include="Items\Scroll.cpp">
      <Filter>Source Files</Filter>
    </ClCompile>
    <ClCompile Include="Items\Container.cpp">
      <Filter>Source Files</Filter>
    </ClCompile>
    <ClCompile Include="Attributes\ContainerAttributes.cpp">
      <Filter>Source Files</Filter>
    </ClCompile>
    <ClCompile Include="SpecialTile\CPressurePad.cpp">
      <Filter>Source Files</Filter>
    </ClCompile>
    <ClCompile Include="SpecialTile\TrickWall.cpp">
      <Filter>Source Files</Filter>
    </ClCompile>
    <ClCompile Include="Pictures\Creatures\GigglerPic.cpp">
      <Filter>Source Files</Filter>
    </ClCompile>
    <ClCompile Include="Items\Text.cpp">
      <Filter>Source Files</Filter>
    </ClCompile>
    <ClCompile Include="Attributes\TextAttributes.cpp">
      <Filter>Source Files</Filter>
    </ClCompile>
    <ClCompile Include="SpecialTile\DelayedTile.cpp">
      <Filter>Source Files</Filter>
    </ClCompile>
  </ItemGroup>
  <ItemGroup>
    <ResourceCompile Include="DM.rc">
      <Filter>Source Files</Filter>
    </ResourceCompile>
  </ItemGroup>
  <ItemGroup>
    <ClInclude Include="Mobs\Character.h">
      <Filter>Header Files</Filter>
    </ClInclude>
    <ClInclude Include="DM.h">
      <Filter>Header Files</Filter>
    </ClInclude>
    <ClInclude Include="DMDoc.h">
      <Filter>Header Files</Filter>
    </ClInclude>
    <ClInclude Include="Views\DMView.h">
      <Filter>Header Files</Filter>
    </ClInclude>
    <ClInclude Include="Feld.h">
      <Filter>Header Files</Filter>
    </ClInclude>
    <ClInclude Include="Mobs\MobGroups\GrpChar.h">
      <Filter>Header Files</Filter>
    </ClInclude>
    <ClInclude Include="Mobs\MobGroups\GrpHeld.h">
      <Filter>Header Files</Filter>
    </ClInclude>
    <ClInclude Include="Mobs\MobGroups\GrpMonster.h">
      <Filter>Header Files</Filter>
    </ClInclude>
    <ClInclude Include="Mobs\Held.h">
      <Filter>Header Files</Filter>
    </ClInclude>
    <ClInclude Include="MainFrm.h">
      <Filter>Header Files</Filter>
    </ClInclude>
    <ClInclude Include="Mobs\Monster.h">
      <Filter>Header Files</Filter>
    </ClInclude>
    <ClInclude Include="Views\RaumView.h">
      <Filter>Header Files</Filter>
    </ClInclude>
    <ClInclude Include="Resource.h">
      <Filter>Header Files</Filter>
    </ClInclude>
    <ClInclude Include="Rucksack.h">
      <Filter>Header Files</Filter>
    </ClInclude>
    <ClInclude Include="StdAfx.h">
      <Filter>Header Files</Filter>
    </ClInclude>
    <ClInclude Include="Views\ZauberView.h">
      <Filter>Header Files</Filter>
    </ClInclude>
    <ClInclude Include="Items\FloorDecoration.h">
      <Filter>Header Files</Filter>
    </ClInclude>
    <ClInclude Include="Pictures\CPictures.h">
      <Filter>Header Files</Filter>
    </ClInclude>
    <ClInclude Include="CalculationHelper\CHelpfulValues.h">
      <Filter>Header Files</Filter>
    </ClInclude>
    <ClInclude Include="SpecialTile\CDoor.h">
      <Filter>Header Files</Filter>
    </ClInclude>
    <ClInclude Include="Pictures\CDoorPic.h">
      <Filter>Header Files</Filter>
    </ClInclude>
    <ClInclude Include="Pictures\CBasePictures.h">
      <Filter>Header Files</Filter>
    </ClInclude>
    <ClInclude Include="Pictures\CWallPic.h">
      <Filter>Header Files</Filter>
    </ClInclude>
    <ClInclude Include="Pictures\CFountainPic.h">
      <Filter>Header Files</Filter>
    </ClInclude>
    <ClInclude Include="CalculationHelper\CScreenCoords.h">
      <Filter>Header Files</Filter>
    </ClInclude>
    <ClInclude Include="XMLParser\CDungeonMap.h">
      <Filter>Header Files</Filter>
    </ClInclude>
    <ClInclude Include="TinyXML\tinystr.h">
      <Filter>Header Files</Filter>
    </ClInclude>
    <ClInclude Include="TinyXML\tinyxml.h">
      <Filter>Header Files</Filter>
    </ClInclude>
    <ClInclude Include="Pictures\Creatures\CSkeletonPic.h">
      <Filter>Header Files</Filter>
    </ClInclude>
    <ClInclude Include="Pictures\Creatures\CMummyPic.h">
      <Filter>Header Files</Filter>
    </ClInclude>
    <ClInclude Include="Pictures\Creatures\CMonsterPic.h">
      <Filter>Header Files</Filter>
    </ClInclude>
    <ClInclude Include="Pictures\CStairsPic.h">
      <Filter>Header Files</Filter>
    </ClInclude>
    <ClInclude Include="SpecialTile\CStairs.h">
      <Filter>Header Files</Filter>
    </ClInclude>
    <ClInclude Include="SpecialTile\CTile.h">
      <Filter>Header Files</Filter>
    </ClInclude>
    <ClInclude Include="Items\CMiscellaneous.h">
      <Filter>Header Files</Filter>
    </ClInclude>
    <ClInclude Include="Pictures\Items2D\CItemPic.h">
      <Filter>Header Files</Filter>
    </ClInclude>
    <ClInclude Include="Pictures\Items3D\CItem3DPic.h">
      <Filter>Header Files</Filter>
    </ClInclude>
    <ClInclude Include="ColorCursor\ColorCursor.h">
      <Filter>Header Files</Filter>
    </ClInclude>
    <ClInclude Include="Pictures\CPressurePadPic.h">
      <Filter>Header Files</Filter>
    </ClInclude>
    <ClInclude Include="Items\CActuator.h">
      <Filter>Header Files</Filter>
    </ClInclude>
    <ClInclude Include="Pictures\CFloorOrnatePic.h">
      <Filter>Header Files</Filter>
    </ClInclude>
    <ClInclude Include="SpecialTile\CPit.h">
      <Filter>Header Files</Filter>
    </ClInclude>
    <ClInclude Include="Pictures\CPitPic.h">
      <Filter>Header Files</Filter>
    </ClInclude>
    <ClInclude Include="Pictures\CTeleportPic.h">
      <Filter>Header Files</Filter>
    </ClInclude>
    <ClInclude Include="SpecialTile\CTeleporter.h">
      <Filter>Header Files</Filter>
    </ClInclude>
    <ClInclude Include="Attributes\TeleporterAttributes.h">
      <Filter>Header Files</Filter>
    </ClInclude>
    <ClInclude Include="Views\CGroupView.h">
      <Filter>Header Files</Filter>
    </ClInclude>
    <ClInclude Include="Pictures\CLockPic.h">
      <Filter>Header Files</Filter>
    </ClInclude>
    <ClInclude Include="Pictures\CWallDecoPic.h">
      <Filter>Header Files</Filter>
    </ClInclude>
    <ClInclude Include="Attributes\CreatureAttributes.h">
      <Filter>Header Files</Filter>
    </ClInclude>
    <ClInclude Include="Items\WallDecoration.h">
      <Filter>Header Files</Filter>
    </ClInclude>
    <ClInclude Include="Attributes\DoorAttributes.h">
      <Filter>Header Files</Filter>
    </ClInclude>
    <ClInclude Include="Items\Item.h">
      <Filter>Header Files</Filter>
    </ClInclude>
    <ClInclude Include="Items\Weapon.h">
      <Filter>Header Files</Filter>
    </ClInclude>
    <ClInclude Include="Attributes\MiscellaneousAttributes.h">
      <Filter>Header Files</Filter>
    </ClInclude>
    <ClInclude Include="Attributes\WeaponAttributes.h">
      <Filter>Header Files</Filter>
    </ClInclude>
    <ClInclude Include="Attributes\ClothAttributes.h">
      <Filter>Header Files</Filter>
    </ClInclude>
    <ClInclude Include="Items\Cloth.h">
      <Filter>Header Files</Filter>
    </ClInclude>
    <ClInclude Include="XMLParser\ItemInfos.h">
      <Filter>Header Files</Filter>
    </ClInclude>
    <ClInclude Include="Consts\WeaponConst.h">
      <Filter>Header Files</Filter>
    </ClInclude>
    <ClInclude Include="Consts\ClothConst.h">
      <Filter>Header Files</Filter>
    </ClInclude>
    <ClInclude Include="Consts\ItemConst.h">
      <Filter>Header Files</Filter>
    </ClInclude>
    <ClInclude Include="Consts\MiscConst.h">
      <Filter>Header Files</Filter>
    </ClInclude>
    <ClInclude Include="Pictures\Creatures\ScreamerPic.h">
      <Filter>Header Files</Filter>
    </ClInclude>
    <ClInclude Include="Pictures\Creatures\RockPilePic.h">
      <Filter>Header Files</Filter>
    </ClInclude>
    <ClInclude Include="XMLParser\AttackInfos.h">
      <Filter>Header Files</Filter>
    </ClInclude>
    <ClInclude Include="Consts\AttackConst.h">
      <Filter>Header Files</Filter>
    </ClInclude>
    <ClInclude Include="XMLParser\MonsterInfos.h">
      <Filter>Header Files</Filter>
    </ClInclude>
    <ClInclude Include="Consts\MonsterConst.h">
      <Filter>Header Files</Filter>
    </ClInclude>
    <ClInclude Include="Pictures\Creatures\MagentaWormPic.h">
      <Filter>Header Files</Filter>
    </ClInclude>
    <ClInclude Include="CalculationHelper\ZoomBlt.h">
      <Filter>Header Files</Filter>
    </ClInclude>
    <ClInclude Include="Pictures\Creatures\TrolinPic.h">
      <Filter>Header Files</Filter>
    </ClInclude>
    <ClInclude Include="Items\MovingObject.h">
      <Filter>Header Files</Filter>
    </ClInclude>
    <ClInclude Include="Items\MagicMissile.h">
      <Filter>Header Files</Filter>
    </ClInclude>
    <ClInclude Include="Pictures\MagicMissilePic.h">
      <Filter>Header Files</Filter>
    </ClInclude>
    <ClInclude Include="Items\Potion.h">
      <Filter>Header Files</Filter>
    </ClInclude>
    <ClInclude Include="Attributes\PotionAttributes.h">
      <Filter>Header Files</Filter>
    </ClInclude>
    <ClInclude Include="Attributes\ScrollAttributes.h">
      <Filter>Header Files</Filter>
    </ClInclude>
    <ClInclude Include="Items\Scroll.h">
      <Filter>Header Files</Filter>
    </ClInclude>
    <ClInclude Include="Items\Container.h">
      <Filter>Header Files</Filter>
    </ClInclude>
    <ClInclude Include="Attributes\ContainerAttributes.h">
      <Filter>Header Files</Filter>
    </ClInclude>
    <ClInclude Include="SpecialTile\CPressurePad.h">
      <Filter>Header Files</Filter>
    </ClInclude>
    <ClInclude Include="SpecialTile\TrickWall.h">
      <Filter>Header Files</Filter>
    </ClInclude>
    <ClInclude Include="Pictures\Creatures\GigglerPic.h">
      <Filter>Header Files</Filter>
    </ClInclude>
    <ClInclude Include="Items\Text.h">
      <Filter>Header Files</Filter>
    </ClInclude>
    <ClInclude Include="Attributes\TextAttributes.h">
      <Filter>Header Files</Filter>
    </ClInclude>
    <ClInclude Include="SpecialTile\DelayedTile.h">
      <Filter>Header Files</Filter>
    </ClInclude>
  </ItemGroup>
  <ItemGroup>
    <Image Include="res\DM.ico">
      <Filter>Resource Files</Filter>
    </Image>
    <Image Include="res\DMDoc.ico">
      <Filter>Resource Files</Filter>
    </Image>
    <Image Include="res\Walls\E.bmp">
      <Filter>Resource Files</Filter>
    </Image>
    <Image Include="res\Pinv.bmp">
      <Filter>Resource Files</Filter>
    </Image>
    <Image Include="res\Ruck.bmp">
      <Filter>Resource Files</Filter>
    </Image>
    <Image Include="res\Walls\Wall0_Left.bmp">
      <Filter>Resource Files</Filter>
    </Image>
    <Image Include="res\Walls\Wall0_LeftF.bmp">
      <Filter>Resource Files</Filter>
    </Image>
    <Image Include="res\Walls\Wall0_Right.bmp">
      <Filter>Resource Files</Filter>
    </Image>
    <Image Include="res\Walls\Wall0_RightF.bmp">
      <Filter>Resource Files</Filter>
    </Image>
    <Image Include="res\Walls\Wall1_Front.bmp">
      <Filter>Resource Files</Filter>
    </Image>
    <Image Include="res\Walls\Wall1_FrontF.bmp">
      <Filter>Resource Files</Filter>
    </Image>
    <Image Include="res\Walls\Wall1_Left.bmp">
      <Filter>Resource Files</Filter>
    </Image>
    <Image Include="res\Walls\Wall1_LeftF.bmp">
      <Filter>Resource Files</Filter>
    </Image>
    <Image Include="res\Walls\Wall1_Right.bmp">
      <Filter>Resource Files</Filter>
    </Image>
    <Image Include="res\Walls\Wall1_RightF.bmp">
      <Filter>Resource Files</Filter>
    </Image>
    <Image Include="res\Walls\Wall2_FarLeft.bmp">
      <Filter>Resource Files</Filter>
    </Image>
    <Image Include="res\Walls\Wall2_FarRight.bmp">
      <Filter>Resource Files</Filter>
    </Image>
    <Image Include="res\Walls\Wall2_Front.bmp">
      <Filter>Resource Files</Filter>
    </Image>
    <Image Include="res\Walls\Wall2_FrontF.bmp">
      <Filter>Resource Files</Filter>
    </Image>
    <Image Include="res\Walls\Wall2_Left.bmp">
      <Filter>Resource Files</Filter>
    </Image>
    <Image Include="res\Walls\Wall2_LeftF.bmp">
      <Filter>Resource Files</Filter>
    </Image>
    <Image Include="res\Walls\Wall2_Right.bmp">
      <Filter>Resource Files</Filter>
    </Image>
    <Image Include="res\Walls\Wall2_RightF.bmp">
      <Filter>Resource Files</Filter>
    </Image>
    <Image Include="res\Walls\Wall3_FarLeft.bmp">
      <Filter>Resource Files</Filter>
    </Image>
    <Image Include="res\Walls\Wall3_FarRight.bmp">
      <Filter>Resource Files</Filter>
    </Image>
    <Image Include="res\Walls\Wall3_Front.bmp">
      <Filter>Resource Files</Filter>
    </Image>
    <Image Include="res\Walls\Wall3_FrontF.bmp">
      <Filter>Resource Files</Filter>
    </Image>
    <Image Include="res\Walls\Wall3_Left.bmp">
      <Filter>Resource Files</Filter>
    </Image>
    <Image Include="res\Walls\Wall3_LeftF.bmp">
      <Filter>Resource Files</Filter>
    </Image>
    <Image Include="res\Walls\Wall3_Right.bmp">
      <Filter>Resource Files</Filter>
    </Image>
    <Image Include="res\Walls\Wall3_RightF.bmp">
      <Filter>Resource Files</Filter>
    </Image>
    <Image Include="res\Monster\Skeleton_Right.bmp">
      <Filter>Resource Files</Filter>
    </Image>
    <Image Include="res\Monster\Skeleton_Attack.bmp">
      <Filter>Resource Files</Filter>
    </Image>
    <Image Include="res\Monster\Skeleton_Back.bmp">
      <Filter>Resource Files</Filter>
    </Image>
    <Image Include="res\Monster\Skeleton_Front.bmp">
      <Filter>Resource Files</Filter>
    </Image>
    <Image Include="res\bitmap1.bmp">
      <Filter>Resource Files</Filter>
    </Image>
    <Image Include="res\Monster\Mummy_Attack.bmp">
      <Filter>Resource Files</Filter>
    </Image>
    <Image Include="res\Monster\Mummy_Back.bmp">
      <Filter>Resource Files</Filter>
    </Image>
    <Image Include="res\Monster\Mummy_Front.bmp">
      <Filter>Resource Files</Filter>
    </Image>
    <Image Include="res\Monster\Mummy_Right.bmp">
      <Filter>Resource Files</Filter>
    </Image>
    <Image Include="res\WallDeco\WallDeco_45_Front.bmp">
      <Filter>Resource Files</Filter>
    </Image>
    <Image Include="res\WallDeco\WallDeco_45_Right.bmp">
      <Filter>Resource Files</Filter>
    </Image>
    <Image Include="res\WallDeco\WallDeco_44_Front.bmp">
      <Filter>Resource Files</Filter>
    </Image>
    <Image Include="res\WallDeco\WallDeco_44_Right.bmp">
      <Filter>Resource Files</Filter>
    </Image>
    <Image Include="res\Door_Frame_0_Front.bmp">
      <Filter>Resource Files</Filter>
    </Image>
    <Image Include="res\Door_Frame_1_Left.bmp">
      <Filter>Resource Files</Filter>
    </Image>
    <Image Include="res\Door_Frame_2_Left.bmp">
      <Filter>Resource Files</Filter>
    </Image>
    <Image Include="res\Door_Frame_3_FarLeft.bmp">
      <Filter>Resource Files</Filter>
    </Image>
    <Image Include="res\Door_Frame_3_Left.png" />
    <Image Include="res\Door_Front_Top_1.bmp">
      <Filter>Resource Files</Filter>
    </Image>
    <Image Include="res\Door_Front_Top_2.bmp">
      <Filter>Resource Files</Filter>
    </Image>
    <Image Include="res\Door_Iron_1.bmp">
      <Filter>Resource Files</Filter>
    </Image>
    <Image Include="res\Door_Iron_2.bmp">
      <Filter>Resource Files</Filter>
    </Image>
    <Image Include="res\Door_Iron_3.bmp">
      <Filter>Resource Files</Filter>
    </Image>
    <Image Include="res\Door_Frame_3_Left.bmp">
      <Filter>Resource Files</Filter>
    </Image>
    <Image Include="res\ActionsArea.bmp">
      <Filter>Resource Files</Filter>
    </Image>
    <Image Include="res\OneHand.bmp">
      <Filter>Resource Files</Filter>
    </Image>
    <Image Include="res\ActionsDamage.bmp">
      <Filter>Resource Files</Filter>
    </Image>
    <Image Include="res\WallDeco\WallDeco_35_Left.bmp">
      <Filter>Resource Files</Filter>
    </Image>
    <Image Include="res\WallDeco\WallDeco_35_Front.bmp">
      <Filter>Resource Files</Filter>
    </Image>
    <Image Include="res\Runes1.bmp">
      <Filter>Resource Files</Filter>
    </Image>
    <Image Include="res\Reiter4.bmp">
      <Filter>Resource Files</Filter>
    </Image>
    <Image Include="res\Reiter3.bmp">
      <Filter>Resource Files</Filter>
    </Image>
    <Image Include="res\Runes2.bmp">
      <Filter>Resource Files</Filter>
    </Image>
    <Image Include="res\Runes3.bmp">
      <Filter>Resource Files</Filter>
    </Image>
    <Image Include="res\Stair\Stairs_Up3_Left.bmp">
      <Filter>Resource Files</Filter>
    </Image>
    <Image Include="res\Stair\Stairs_Down0_Front.bmp">
      <Filter>Resource Files</Filter>
    </Image>
    <Image Include="res\Stair\Stairs_Down1_Front.bmp">
      <Filter>Resource Files</Filter>
    </Image>
    <Image Include="res\Stair\Stairs_Down1_Left.bmp">
      <Filter>Resource Files</Filter>
    </Image>
    <Image Include="res\Stair\Stairs_Down2_Front.bmp">
      <Filter>Resource Files</Filter>
    </Image>
    <Image Include="res\Stair\Stairs_Down2_Left.bmp">
      <Filter>Resource Files</Filter>
    </Image>
    <Image Include="res\Stair\Stairs_Down3_Front.bmp">
      <Filter>Resource Files</Filter>
    </Image>
    <Image Include="res\Stair\Stairs_Down3_Left.bmp">
      <Filter>Resource Files</Filter>
    </Image>
    <Image Include="res\Stair\Stairs_Up0_Front.bmp">
      <Filter>Resource Files</Filter>
    </Image>
    <Image Include="res\Stair\Stairs_Up1_Front.bmp">
      <Filter>Resource Files</Filter>
    </Image>
    <Image Include="res\Stair\Stairs_Up1_Left.bmp">
      <Filter>Resource Files</Filter>
    </Image>
    <Image Include="res\Stair\Stairs_Up2_Front.bmp">
      <Filter>Resource Files</Filter>
    </Image>
    <Image Include="res\Stair\Stairs_Up2_Left.bmp">
      <Filter>Resource Files</Filter>
    </Image>
    <Image Include="res\Stair\Stairs_Up3_Front.bmp">
      <Filter>Resource Files</Filter>
    </Image>
    <Image Include="res\Stair\Stairs_DownSide2.bmp">
      <Filter>Resource Files</Filter>
    </Image>
    <Image Include="res\Stair\Stairs_Side1.bmp">
      <Filter>Resource Files</Filter>
    </Image>
    <Image Include="res\Stair\Stairs_Side3.bmp">
      <Filter>Resource Files</Filter>
    </Image>
    <Image Include="res\Stair\Stairs_UpSide2.bmp">
      <Filter>Resource Files</Filter>
    </Image>
    <Image Include="res\Items2D\Items42.bmp">
      <Filter>Resource Files</Filter>
    </Image>
    <Image Include="res\Items2D\Items43.bmp">
      <Filter>Resource Files</Filter>
    </Image>
    <Image Include="res\Items2D\Items44.bmp">
      <Filter>Resource Files</Filter>
    </Image>
    <Image Include="res\Items2D\Items45.bmp">
      <Filter>Resource Files</Filter>
    </Image>
    <Image Include="res\Items2D\items46.bmp">
      <Filter>Resource Files</Filter>
    </Image>
    <Image Include="res\Items2D\Items47.bmp">
      <Filter>Resource Files</Filter>
    </Image>
    <Image Include="res\Items2D\Items48.bmp">
      <Filter>Resource Files</Filter>
    </Image>
    <Image Include="res\Door_Wood_1.bmp">
      <Filter>Resource Files</Filter>
    </Image>
    <Image Include="res\Door_Wood_2.bmp">
      <Filter>Resource Files</Filter>
    </Image>
    <Image Include="res\Items3D\Item_3d_Apple.bmp">
      <Filter>Resource Files</Filter>
    </Image>
    <Image Include="res\Door_Wood_3.bmp">
      <Filter>Resource Files</Filter>
    </Image>
    <Image Include="res\Door_Mask_Bashed.bmp">
      <Filter>Resource Files</Filter>
    </Image>
    <Image Include="res\Items3D\Item_3d_Bread.bmp">
      <Filter>Resource Files</Filter>
    </Image>
    <Image Include="res\Floor\FloorMos_F2.bmp">
      <Filter>Resource Files</Filter>
    </Image>
    <Image Include="res\Floor\FloorMoss_F1.bmp">
      <Filter>Resource Files</Filter>
    </Image>
    <Image Include="res\Floor\FloorMoss_F3.bmp">
      <Filter>Resource Files</Filter>
    </Image>
    <Image Include="res\Floor\FloorMoss_L1.bmp">
      <Filter>Resource Files</Filter>
    </Image>
    <Image Include="res\Floor\FloorMoss_L2.bmp">
      <Filter>Resource Files</Filter>
    </Image>
    <Image Include="res\Floor\FloorMoss_L3.bmp">
      <Filter>Resource Files</Filter>
    </Image>
    <Image Include="res\Floor\FloorPuddle_F1.bmp">
      <Filter>Resource Files</Filter>
    </Image>
    <Image Include="res\Floor\FloorPuddle_F2.bmp">
      <Filter>Resource Files</Filter>
    </Image>
    <Image Include="res\Floor\FloorPuddle_F3.bmp">
      <Filter>Resource Files</Filter>
    </Image>
    <Image Include="res\Floor\FloorPuddle_L1.bmp">
      <Filter>Resource Files</Filter>
    </Image>
    <Image Include="res\Floor\FloorPuddle_L2.bmp">
      <Filter>Resource Files</Filter>
    </Image>
    <Image Include="res\Floor\FloorPuddle_L3.bmp">
      <Filter>Resource Files</Filter>
    </Image>
    <Image Include="res\WallDeco\WallDeco_36_F.bmp">
      <Filter>Resource Files</Filter>
    </Image>
    <Image Include="res\WallDeco\WallDeco_36_L.bmp">
      <Filter>Resource Files</Filter>
    </Image>
    <Image Include="res\Ceiling\CeilingPit_F0.bmp">
      <Filter>Resource Files</Filter>
    </Image>
    <Image Include="res\Ceiling\CeilingPit_F1.bmp">
      <Filter>Resource Files</Filter>
    </Image>
    <Image Include="res\Ceiling\CeilingPit_F2.bmp">
      <Filter>Resource Files</Filter>
    </Image>
    <Image Include="res\Ceiling\CeilingPit_L0.bmp">
      <Filter>Resource Files</Filter>
    </Image>
    <Image Include="res\Ceiling\CeilingPit_L1.bmp">
      <Filter>Resource Files</Filter>
    </Image>
    <Image Include="res\Ceiling\CeilingPit_L2.bmp">
      <Filter>Resource Files</Filter>
    </Image>
    <Image Include="res\Floor\FloorPit_F0.bmp">
      <Filter>Resource Files</Filter>
    </Image>
    <Image Include="res\Floor\FloorPit_F1.bmp">
      <Filter>Resource Files</Filter>
    </Image>
    <Image Include="res\Floor\FloorPit_F2.bmp">
      <Filter>Resource Files</Filter>
    </Image>
    <Image Include="res\Floor\FloorPit_F3.bmp">
      <Filter>Resource Files</Filter>
    </Image>
    <Image Include="res\Floor\FloorPit_Inv_F0.bmp">
      <Filter>Resource Files</Filter>
    </Image>
    <Image Include="res\Floor\FloorPit_Inv_F1.bmp">
      <Filter>Resource Files</Filter>
    </Image>
    <Image Include="res\Floor\FloorPit_Inv_F2.bmp">
      <Filter>Resource Files</Filter>
    </Image>
    <Image Include="res\Floor\FloorPit_Inv_L0.bmp">
      <Filter>Resource Files</Filter>
    </Image>
    <Image Include="res\Floor\FloorPit_Inv_L1.bmp">
      <Filter>Resource Files</Filter>
    </Image>
    <Image Include="res\Floor\FloorPit_Inv_L2.bmp">
      <Filter>Resource Files</Filter>
    </Image>
    <Image Include="res\Floor\FloorPit_L0.bmp">
      <Filter>Resource Files</Filter>
    </Image>
    <Image Include="res\Floor\FloorPit_L1.bmp">
      <Filter>Resource Files</Filter>
    </Image>
    <Image Include="res\Floor\FloorPit_L2.bmp">
      <Filter>Resource Files</Filter>
    </Image>
    <Image Include="res\Floor\FloorPit_L3.bmp">
      <Filter>Resource Files</Filter>
    </Image>
    <Image Include="res\Teleporter_Segment.bmp">
      <Filter>Resource Files</Filter>
    </Image>
    <Image Include="res\Teleporter.bmp">
      <Filter>Resource Files</Filter>
    </Image>
    <Image Include="res\Items3D\Item_3d_GoldKey.bmp">
      <Filter>Resource Files</Filter>
    </Image>
    <Image Include="res\Items3D\Item_3d_IronKey.bmp">
      <Filter>Resource Files</Filter>
    </Image>
    <Image Include="res\WallDeco\WallDeco_23-Front.bmp">
      <Filter>Resource Files</Filter>
    </Image>
    <Image Include="res\WallDeco\WallDeco_23-Left.bmp">
      <Filter>Resource Files</Filter>
    </Image>
    <Image Include="res\WallDeco\LockDoubleIron-Front.bmp">
      <Filter>Resource Files</Filter>
    </Image>
    <Image Include="res\WallDeco\LockDoubleIron-Left.bmp">
      <Filter>Resource Files</Filter>
    </Image>
    <Image Include="res\WallDeco\WallDeco_28-Front.bmp">
      <Filter>Resource Files</Filter>
    </Image>
    <Image Include="res\WallDeco\WallDeco_28-Left.bmp">
      <Filter>Resource Files</Filter>
    </Image>
    <Image Include="res\WallDeco\WallDeco_26-Front.bmp">
      <Filter>Resource Files</Filter>
    </Image>
    <Image Include="res\WallDeco\WallDeco_26-Left.bmp">
      <Filter>Resource Files</Filter>
    </Image>
    <Image Include="res\WallDeco\WallDeco_5-Front.bmp">
      <Filter>Resource Files</Filter>
    </Image>
    <Image Include="res\WallDeco\WallDeco_5-Left.bmp">
      <Filter>Resource Files</Filter>
    </Image>
    <Image Include="res\WallDeco\WallDeco_31-Front.bmp">
      <Filter>Resource Files</Filter>
    </Image>
    <Image Include="res\WallDeco\WallDeco_31-Left.bmp">
      <Filter>Resource Files</Filter>
    </Image>
    <Image Include="res\WallDeco\WallDeco_21-Front.bmp">
      <Filter>Resource Files</Filter>
    </Image>
    <Image Include="res\WallDeco\WallDeco_21-Left.bmp">
      <Filter>Resource Files</Filter>
    </Image>
    <Image Include="res\LockQuare-Front.bmp">
      <Filter>Resource Files</Filter>
    </Image>
    <Image Include="res\WallDeco\WallDeco_30-Front.bmp">
      <Filter>Resource Files</Filter>
    </Image>
    <Image Include="res\WallDeco\WallDeco_30-Left.bmp">
      <Filter>Resource Files</Filter>
    </Image>
    <Image Include="res\WallDeco\WallDeco_29-Front.bmp">
      <Filter>Resource Files</Filter>
    </Image>
    <Image Include="res\WallDeco\WallDeco_29-Left.bmp">
      <Filter>Resource Files</Filter>
    </Image>
    <Image Include="res\WallDeco\WallDeco_25-Front.bmp">
      <Filter>Resource Files</Filter>
    </Image>
    <Image Include="res\WallDeco\WallDeco_25-Left.bmp">
      <Filter>Resource Files</Filter>
    </Image>
    <Image Include="res\WallDeco\WallDeco_19-Left.bmp">
      <Filter>Resource Files</Filter>
    </Image>
    <Image Include="res\WallDeco\WallDeco_22-Front.bmp">
      <Filter>Resource Files</Filter>
    </Image>
    <Image Include="res\WallDeco\WallDeco_22-Left.bmp">
      <Filter>Resource Files</Filter>
    </Image>
    <Image Include="res\WallDeco\WallDeco_24-Front.bmp">
      <Filter>Resource Files</Filter>
    </Image>
    <Image Include="res\WallDeco\WallDeco_24-Left.bmp">
      <Filter>Resource Files</Filter>
    </Image>
    <Image Include="res\WallDeco\WallDeco_27-Front.bmp">
      <Filter>Resource Files</Filter>
    </Image>
    <Image Include="res\WallDeco\WallDeco_27-Left.bmp">
      <Filter>Resource Files</Filter>
    </Image>
    <Image Include="res\WallDeco\WallDeco_20-Front.bmp">
      <Filter>Resource Files</Filter>
    </Image>
    <Image Include="res\WallDeco\WallDeco_20-Left.bmp">
      <Filter>Resource Files</Filter>
    </Image>
    <Image Include="res\WallDeco\WallDeco_19-Front.bmp">
      <Filter>Resource Files</Filter>
    </Image>
    <Image Include="res\Steine.bmp">
      <Filter>Resource Files</Filter>
    </Image>
    <Image Include="res\Door\Door_Frame_0_Front.bmp">
      <Filter>Resource Files</Filter>
    </Image>
    <Image Include="res\Door\Door_Frame_1_Left.bmp">
      <Filter>Resource Files</Filter>
    </Image>
    <Image Include="res\Door\Door_Frame_2_Left.bmp">
      <Filter>Resource Files</Filter>
    </Image>
    <Image Include="res\Door\Door_Frame_3_Left.bmp">
      <Filter>Resource Files</Filter>
    </Image>
    <Image Include="res\Door\Door_Frame_3_FarLeft.bmp">
      <Filter>Resource Files</Filter>
    </Image>
    <Image Include="res\Door\Door_Front_Top_1.bmp">
      <Filter>Resource Files</Filter>
    </Image>
    <Image Include="res\Door\Door_Front_Top_2.bmp">
      <Filter>Resource Files</Filter>
    </Image>
    <Image Include="res\Door\Door_Iron_1.bmp">
      <Filter>Resource Files</Filter>
    </Image>
    <Image Include="res\Door\Door_Iron_2.bmp">
      <Filter>Resource Files</Filter>
    </Image>
    <Image Include="res\Door\Door_Iron_3.bmp">
      <Filter>Resource Files</Filter>
    </Image>
    <Image Include="res\Door\Door_Wood_1.bmp">
      <Filter>Resource Files</Filter>
    </Image>
    <Image Include="res\Door\Door_Wood_2.bmp">
      <Filter>Resource Files</Filter>
    </Image>
    <Image Include="res\Door\Door_Wood_3.bmp">
      <Filter>Resource Files</Filter>
    </Image>
    <Image Include="res\WallDeco\WallDeco_36_Front.bmp">
      <Filter>Resource Files</Filter>
    </Image>
    <Image Include="res\WallDeco\WallDeco_36_Left.bmp">
      <Filter>Resource Files</Filter>
    </Image>
    <Image Include="res\WallDeco\WallDeco_44_Left.bmp">
      <Filter>Resource Files</Filter>
    </Image>
    <Image Include="res\WallDeco\WallDeco_45_Left.bmp">
      <Filter>Resource Files</Filter>
    </Image>
    <Image Include="res\P.bmp">
      <Filter>Resource Files</Filter>
    </Image>
    <Image Include="res\WallDeco\WallDeco_51_Left.bmp">
      <Filter>Resource Files</Filter>
    </Image>
    <Image Include="res\WallDeco\WallDeco_51_Front.bmp">
      <Filter>Resource Files</Filter>
    </Image>
    <Image Include="res\WallDeco\WallDeco_6_Front.bmp">
      <Filter>Resource Files</Filter>
    </Image>
    <Image Include="res\WallDeco\WallDeco_6_Left.bmp">
      <Filter>Resource Files</Filter>
    </Image>
    <Image Include="res\WallDeco\WallDeco_34_Front.bmp">
      <Filter>Resource Files</Filter>
    </Image>
    <Image Include="res\WallDeco\WallDeco_34_Left.bmp">
      <Filter>Resource Files</Filter>
    </Image>
    <Image Include="res\WallDeco\WallDeco_33_Front.bmp">
      <Filter>Resource Files</Filter>
    </Image>
    <Image Include="res\WallDeco\WallDeco_33_Left.bmp">
      <Filter>Resource Files</Filter>
    </Image>
    <Image Include="res\WallDeco\WallDeco_4_Front.bmp">
      <Filter>Resource Files</Filter>
    </Image>
    <Image Include="res\WallDeco\WallDeco_4_Left.bmp">
      <Filter>Resource Files</Filter>
    </Image>
    <Image Include="res\WallDeco\WallDeco_15_Left.bmp">
      <Filter>Resource Files</Filter>
    </Image>
    <Image Include="res\WallDeco\WallDeco_15_Front.bmp">
      <Filter>Resource Files</Filter>
    </Image>
    <Image Include="res\WallDeco\WallDeco_14_Left.bmp">
      <Filter>Resource Files</Filter>
    </Image>
    <Image Include="res\WallDeco\WallDeco_14_Front.bmp">
      <Filter>Resource Files</Filter>
    </Image>
    <Image Include="res\WallDeco\WallDeco_17_Front.bmp">
      <Filter>Resource Files</Filter>
    </Image>
    <Image Include="res\WallDeco\WallDeco_17_Left.bmp">
      <Filter>Resource Files</Filter>
    </Image>
    <Image Include="res\WallDeco\WallDeco_7_Left.bmp">
      <Filter>Resource Files</Filter>
    </Image>
    <Image Include="res\WallDeco\WallDeco_7_Front.bmp">
      <Filter>Resource Files</Filter>
    </Image>
    <Image Include="res\WallDeco\WallDeco_49_Left.bmp">
      <Filter>Resource Files</Filter>
    </Image>
    <Image Include="res\WallDeco\WallDeco_54_Front.bmp">
      <Filter>Resource Files</Filter>
    </Image>
    <Image Include="res\WallDeco\WallDeco_49_Front.bmp">
      <Filter>Resource Files</Filter>
    </Image>
    <Image Include="res\WallDeco\WallDeco_3_Left.bmp">
      <Filter>Resource Files</Filter>
    </Image>
    <Image Include="res\WallDeco\WallDeco_3_Front.bmp">
      <Filter>Resource Files</Filter>
    </Image>
    <Image Include="res\WallDeco\WallDeco_1_Front.bmp">
      <Filter>Resource Files</Filter>
    </Image>
    <Image Include="res\WallDeco\WallDeco_1_Left.bmp">
      <Filter>Resource Files</Filter>
    </Image>
    <Image Include="res\WallDeco\WallDeco_54_Left.bmp">
      <Filter>Resource Files</Filter>
    </Image>
    <Image Include="res\WallDeco\WallDeco_47_Front.bmp">
      <Filter>Resource Files</Filter>
    </Image>
    <Image Include="res\WallDeco\WallDeco_47_Left.bmp">
      <Filter>Resource Files</Filter>
    </Image>
    <Image Include="res\WallDeco\WallDeco_48_Front.bmp">
      <Filter>Resource Files</Filter>
    </Image>
    <Image Include="res\WallDeco\WallDeco_48_Left.bmp">
      <Filter>Resource Files</Filter>
    </Image>
    <Image Include="res\WallDeco\WallDeco_50_Front.bmp">
      <Filter>Resource Files</Filter>
    </Image>
    <Image Include="res\WallDeco\WallDeco_50_Left.bmp">
      <Filter>Resource Files</Filter>
    </Image>
    <Image Include="res\WallDeco\WallDeco_52_Front.bmp">
      <Filter>Resource Files</Filter>
    </Image>
    <Image Include="res\WallDeco\WallDeco_52_Left.bmp">
      <Filter>Resource Files</Filter>
    </Image>
    <Image Include="res\WallDeco\WallDeco_53_Front.bmp">
      <Filter>Resource Files</Filter>
    </Image>
    <Image Include="res\WallDeco\WallDeco_53_Left.bmp">
      <Filter>Resource Files</Filter>
    </Image>
    <Image Include="res\WallDeco\WallDeco_55_Front.bmp">
      <Filter>Resource Files</Filter>
    </Image>
    <Image Include="res\WallDeco\WallDeco_55_Left.bmp">
      <Filter>Resource Files</Filter>
    </Image>
    <Image Include="res\WallDeco\WallDeco_32_Front.bmp">
      <Filter>Resource Files</Filter>
    </Image>
    <Image Include="res\WallDeco\WallDeco_32_Left.bmp">
      <Filter>Resource Files</Filter>
    </Image>
    <Image Include="res\WallDeco\WallDeco_16_Left.bmp">
      <Filter>Resource Files</Filter>
    </Image>
    <Image Include="res\WallDeco\WallDeco_16_Front.bmp">
      <Filter>Resource Files</Filter>
    </Image>
    <Image Include="res\WallDeco\WallDeco_18_Front.bmp">
      <Filter>Resource Files</Filter>
    </Image>
    <Image Include="res\WallDeco\WallDeco_18_Left.bmp">
      <Filter>Resource Files</Filter>
    </Image>
    <Image Include="res\Door\DoorSwitch.bmp">
      <Filter>Resource Files</Filter>
    </Image>
    <Image Include="res\Items3D\Item_3d_Waterskin_Empty.bmp">
      <Filter>Resource Files</Filter>
    </Image>
    <Image Include="res\Items3D\Item_3d_Waterskin_Full.bmp">
      <Filter>Resource Files</Filter>
    </Image>
    <Image Include="res\Items3D\Item_3d_Sword.bmp">
      <Filter>Resource Files</Filter>
    </Image>
    <Image Include="res\Items3D\Missile_Club_B.bmp">
      <Filter>Resource Files</Filter>
    </Image>
    <Image Include="res\Items3D\Missile_Club_F.bmp">
      <Filter>Resource Files</Filter>
    </Image>
    <Image Include="res\Items3D\Missile_Club_S.bmp">
      <Filter>Resource Files</Filter>
    </Image>
    <Image Include="res\Items3D\Missile_Sword_B.bmp">
      <Filter>Resource Files</Filter>
    </Image>
    <Image Include="res\Items3D\Missile_Sword_F.bmp">
      <Filter>Resource Files</Filter>
    </Image>
    <Image Include="res\Items3D\Item_3d_Club.bmp">
      <Filter>Resource Files</Filter>
    </Image>
    <Image Include="res\walldeco\bitmap1.bmp">
      <Filter>Resource Files</Filter>
    </Image>
    <Image Include="res\Items3D\Item_3d_Corn.bmp">
      <Filter>Resource Files</Filter>
    </Image>
    <Image Include="res\Items3D\Item_3d_Dagger.bmp">
      <Filter>Resource Files</Filter>
    </Image>
    <Image Include="res\Items3D\Missile_Dagger_S.bmp">
      <Filter>Resource Files</Filter>
    </Image>
    <Image Include="res\Items3D\Missile_Dagger_B.bmp">
      <Filter>Resource Files</Filter>
    </Image>
    <Image Include="res\Items3D\Missile_Dagger_F.bmp">
      <Filter>Resource Files</Filter>
    </Image>
    <Image Include="res\Items3D\Missile_Arrow_F.bmp">
      <Filter>Resource Files</Filter>
    </Image>
    <Image Include="res\Items3D\Missile_Arrow_B.bmp">
      <Filter>Resource Files</Filter>
    </Image>
    <Image Include="res\Items3D\Missile_Arrow_S.bmp">
      <Filter>Resource Files</Filter>
    </Image>
    <Image Include="res\Items3D\Item_3d_Arrow.bmp">
      <Filter>Resource Files</Filter>
    </Image>
    <Image Include="res\Items3D\Item_3d_Torch.bmp">
      <Filter>Resource Files</Filter>
    </Image>
    <Image Include="res\Items3D\Item_3d_LeatherBoots.bmp">
      <Filter>Resource Files</Filter>
    </Image>
    <Image Include="res\Items3D\Item_3d_ElvenDoublet.bmp">
      <Filter>Resource Files</Filter>
    </Image>
    <Image Include="res\Items3D\Item_3d_FineRobe.bmp">
      <Filter>Resource Files</Filter>
    </Image>
    <Image Include="res\Items3D\Missile_Sword_S.bmp">
      <Filter>Resource Files</Filter>
    </Image>
    <Image Include="res\Items3D\Item_3d_Cheese.bmp">
      <Filter>Resource Files</Filter>
    </Image>
    <Image Include="res\WallDeco\WallDeco_2-Left.bmp">
      <Filter>Resource Files</Filter>
    </Image>
    <Image Include="res\WallDeco\WallDeco_2_Front.bmp">
      <Filter>Resource Files</Filter>
    </Image>
    <Image Include="res\Items3D\Item_3d_Compass.bmp">
      <Filter>Resource Files</Filter>
    </Image>
    <Image Include="res\Items3D\Missile_ThrowingStar_S.bmp">
      <Filter>Resource Files</Filter>
    </Image>
    <Image Include="res\Items3D\Missile_ThrowingStar_F.bmp">
      <Filter>Resource Files</Filter>
    </Image>
    <Image Include="res\Items3D\Missile_PoisonDart_S.bmp">
      <Filter>Resource Files</Filter>
    </Image>
    <Image Include="res\Items3D\Missile_PoisonDart_B.bmp">
      <Filter>Resource Files</Filter>
    </Image>
    <Image Include="res\Items3D\Missile_PoisonDart_F.bmp">
      <Filter>Resource Files</Filter>
    </Image>
    <Image Include="res\Items3D\Missile_Slayer_S.bmp">
      <Filter>Resource Files</Filter>
    </Image>
    <Image Include="res\Items3D\Missile_Slayer_B.bmp">
      <Filter>Resource Files</Filter>
    </Image>
    <Image Include="res\Items3D\Missile_Slayer_F.bmp">
      <Filter>Resource Files</Filter>
    </Image>
    <Image Include="res\Items3D\Missile_Axe_S.bmp">
      <Filter>Resource Files</Filter>
    </Image>
    <Image Include="res\Items3D\Missile_Axe_B.bmp">
      <Filter>Resource Files</Filter>
    </Image>
    <Image Include="res\Items3D\Missile_Axe_F.bmp">
      <Filter>Resource Files</Filter>
    </Image>
    <Image Include="res\Items3D\Missile_StoneClub_S.bmp">
      <Filter>Resource Files</Filter>
    </Image>
    <Image Include="res\Items3D\Missile_StoneClub_B.bmp">
      <Filter>Resource Files</Filter>
    </Image>
    <Image Include="res\Items3D\Missile_StoneClub_F.bmp">
      <Filter>Resource Files</Filter>
    </Image>
    <Image Include="res\Items3D\Item_3d_ThrowingStar.bmp">
      <Filter>Resource Files</Filter>
    </Image>
    <Image Include="res\Items3D\Item_3d_PoisonDart.bmp">
      <Filter>Resource Files</Filter>
    </Image>
    <Image Include="res\Items3D\Item_3d_Slayer.bmp">
      <Filter>Resource Files</Filter>
    </Image>
    <Image Include="res\Items3D\Item_3d_Axe.bmp">
      <Filter>Resource Files</Filter>
    </Image>
    <Image Include="res\Items3D\Item_3d_StoneClub.bmp">
      <Filter>Resource Files</Filter>
    </Image>
    <Image Include="res\DamageReceivedSmall.bmp">
      <Filter>Resource Files</Filter>
    </Image>
    <Image Include="res\DamageReceivedBig.bmp">
      <Filter>Resource Files</Filter>
    </Image>
    <Image Include="res\InterfaceHeroDead.bmp">
      <Filter>Resource Files</Filter>
    </Image>
    <Image Include="res\InterfaceHeroAlive.bmp">
      <Filter>Resource Files</Filter>
    </Image>
    <Image Include="res\Items3D\ScreamerSlice.bmp">
      <Filter>Resource Files</Filter>
    </Image>
    <Image Include="res\Monster\Screamer_Attack.bmp">
      <Filter>Resource Files</Filter>
    </Image>
    <Image Include="res\Monster\Screamer_Front.bmp">
      <Filter>Resource Files</Filter>
    </Image>
    <Image Include="res\Items3D\Item_3d_ScreamerSlice.bmp">
      <Filter>Resource Files</Filter>
    </Image>
    <Image Include="res\Monster\RockPile_Attack.bmp">
      <Filter>Resource Files</Filter>
    </Image>
    <Image Include="res\Monster\RockPile_Front.bmp">
      <Filter>Resource Files</Filter>
    </Image>
    <Image Include="res\Floor\SquarePressurePad_1F.bmp">
      <Filter>Resource Files</Filter>
    </Image>
    <Image Include="res\Floor\SquarePressurePad_1L.bmp">
      <Filter>Resource Files</Filter>
    </Image>
    <Image Include="res\Floor\SquarePressurePad_2F.bmp">
      <Filter>Resource Files</Filter>
    </Image>
    <Image Include="res\Floor\SquarePressurePad_2L.bmp">
      <Filter>Resource Files</Filter>
    </Image>
    <Image Include="res\Floor\SquarePressurePad_3F.bmp">
      <Filter>Resource Files</Filter>
    </Image>
    <Image Include="res\Floor\SquarePressurePad_3L.bmp">
      <Filter>Resource Files</Filter>
    </Image>
    <Image Include="res\Runes4.bmp">
      <Filter>Resource Files</Filter>
    </Image>
    <Image Include="res\Monster\0493.IMG1 [Creature 15 (Front) - Magenta Worm].png" />
    <Image Include="res\Monster\0494.IMG1 [Creature 15 (Side) - Magenta Worm].png" />
    <Image Include="res\Monster\0495.IMG1 [Creature 15 (Back) - Magenta Worm].png" />
    <Image Include="res\Monster\0496.IMG1 [Creature 15 (Attack) - Magenta Worm].png" />
    <Image Include="res\Monster\MagentaWorm_Attack.bmp">
      <Filter>Resource Files</Filter>
    </Image>
    <Image Include="res\Monster\MagentaWorm_Back.bmp">
      <Filter>Resource Files</Filter>
    </Image>
    <Image Include="res\Monster\MagentaWorm_Front.bmp">
      <Filter>Resource Files</Filter>
    </Image>
    <Image Include="res\Monster\MagentaWorm_Right.bmp">
      <Filter>Resource Files</Filter>
    </Image>
    <Image Include="res\Items3D\Item_3d_WorkRound.bmp">
      <Filter>Resource Files</Filter>
    </Image>
    <Image Include="res\Monster\Trolin_Attack.bmp">
      <Filter>Resource Files</Filter>
    </Image>
    <Image Include="res\Monster\Trolin_Back.bmp">
      <Filter>Resource Files</Filter>
    </Image>
    <Image Include="res\Monster\Trolin_Front.bmp">
      <Filter>Resource Files</Filter>
    </Image>
    <Image Include="res\Monster\Trolin_Right.bmp">
      <Filter>Resource Files</Filter>
    </Image>
    <Image Include="res\Spells\Explosion_Antimaterial.bmp">
      <Filter>Resource Files</Filter>
    </Image>
    <Image Include="res\Spells\Explosion_Fireball.bmp">
      <Filter>Resource Files</Filter>
    </Image>
    <Image Include="res\Spells\Explosion_Poison.bmp">
      <Filter>Resource Files</Filter>
    </Image>
    <Image Include="res\Spells\Light_Antimaterial.bmp">
      <Filter>Resource Files</Filter>
    </Image>
    <Image Include="res\Spells\Light_Fireball.bmp">
      <Filter>Resource Files</Filter>
    </Image>
    <Image Include="res\Spells\Light_Poison.bmp">
      <Filter>Resource Files</Filter>
    </Image>
    <Image Include="res\Spells\Medium_Antimaterial.bmp">
      <Filter>Resource Files</Filter>
    </Image>
    <Image Include="res\Spells\Medium_Fireball.bmp">
      <Filter>Resource Files</Filter>
    </Image>
    <Image Include="res\Spells\Medium_Poison.bmp">
      <Filter>Resource Files</Filter>
    </Image>
    <Image Include="res\Spells\Missile_Antimaterial.bmp">
      <Filter>Resource Files</Filter>
    </Image>
    <Image Include="res\Spells\Missile_Fireball.bmp">
      <Filter>Resource Files</Filter>
    </Image>
    <Image Include="res\Spells\Missile_Poison.bmp">
      <Filter>Resource Files</Filter>
    </Image>
    <Image Include="res\Spells\MissilePoisonBlob.bmp">
      <Filter>Resource Files</Filter>
    </Image>
    <Image Include="res\Spells\Strong_Antimaterial.bmp">
      <Filter>Resource Files</Filter>
    </Image>
    <Image Include="res\Spells\Strong_Fireball.bmp">
      <Filter>Resource Files</Filter>
    </Image>
    <Image Include="res\Spells\Strong_Poison.bmp">
      <Filter>Resource Files</Filter>
    </Image>
    <Image Include="res\Spells\Explosion_Dust.bmp">
      <Filter>Resource Files</Filter>
    </Image>
    <Image Include="..\DungeonMaster_\res\Monster\MagentaWorm_Front.bmp">
      <Filter>Resource Files</Filter>
    </Image>
    <Image Include="..\DungeonMaster_\res\Monster\test.bmp">
      <Filter>Resource Files</Filter>
    </Image>
    <Image Include="..\DungeonMaster_\res\Monster\MagentaWorm_Attack.bmp">
      <Filter>Resource Files</Filter>
    </Image>
    <Image Include="..\DungeonMaster_\res\Monster\MagentaWorm_Back.bmp">
      <Filter>Resource Files</Filter>
    </Image>
    <Image Include="..\DungeonMaster_\res\Monster\MagentaWorm_Right.bmp">
      <Filter>Resource Files</Filter>
    </Image>
    <Image Include="res\Spells\Teleporter.bmp">
      <Filter>Resource Files</Filter>
    </Image>
    <Image Include="res\Items3D\Item_3d_Boulder.bmp">
      <Filter>Resource Files</Filter>
    </Image>
    <Image Include="res\Items3D\Item_3d_Rock.bmp">
      <Filter>Resource Files</Filter>
    </Image>
    <Image Include="res\Items3D\Item_3d_LeatherCLoth.bmp">
      <Filter>Resource Files</Filter>
    </Image>
    <Image Include="res\Items3D\Item_3d_Scroll.bmp">
      <Filter>Resource Files</Filter>
    </Image>
    <Image Include="res\Items3D\Item_3d_Flask_Empty.bmp">
      <Filter>Resource Files</Filter>
    </Image>
    <Image Include="res\Items3D\Item_3d_Flask_Full.bmp">
      <Filter>Resource Files</Filter>
    </Image>
    <Image Include="res\WallDeco\WallDeco_Holder_Full_Left.bmp">
      <Filter>Resource Files</Filter>
    </Image>
    <Image Include="res\WallDeco\WallDeco_Holder_Empty_Front.bmp">
      <Filter>Resource Files</Filter>
    </Image>
    <Image Include="res\WallDeco\WallDeco_Holder_Empty_Left.bmp">
      <Filter>Resource Files</Filter>
    </Image>
    <Image Include="res\WallDeco\WallDeco_Holder_Full_Front.bmp">
      <Filter>Resource Files</Filter>
    </Image>
    <Image Include="res\OpenScroll.bmp">
      <Filter>Resource Files</Filter>
    </Image>
    <Image Include="res\Door\Door_Smashed_1.bmp">
      <Filter>Resource Files</Filter>
    </Image>
    <Image Include="res\Door\Door_Smashed_2.bmp">
      <Filter>Resource Files</Filter>
    </Image>
    <Image Include="res\Door\Door_Smashed_3.bmp">
      <Filter>Resource Files</Filter>
    </Image>
    <Image Include="res\Items3D\Item_3d_CopperGoldCoin.bmp">
      <Filter>Resource Files</Filter>
    </Image>
    <Image Include="res\Items3D\Item_3d_SilverCoin.bmp">
      <Filter>Resource Files</Filter>
    </Image>
    <Image Include="res\Items3D\Item_3d_Drumstick.bmp">
      <Filter>Resource Files</Filter>
    </Image>
    <Image Include="res\Items3D\Item_3d_Shield_Large.bmp">
      <Filter>Resource Files</Filter>
    </Image>
    <Image Include="res\Items3D\Item_3d_Shield_Small.bmp">
      <Filter>Resource Files</Filter>
    </Image>
    <Image Include="res\Items3D\Item_3d_MagicBox_Blue.bmp">
      <Filter>Resource Files</Filter>
    </Image>
    <Image Include="res\Items3D\item_3d_MagicBox_Green.bmp">
      <Filter>Resource Files</Filter>
    </Image>
    <Image Include="res\Items3D\Item_3d_BootsSuede.bmp">
      <Filter>Resource Files</Filter>
    </Image>
    <Image Include="res\Items3D\Item_3d_Sandals.bmp">
      <Filter>Resource Files</Filter>
    </Image>
    <Image Include="res\Items3D\Item_3d_Berzerkerhelm.bmp">
      <Filter>Resource Files</Filter>
    </Image>
    <Image Include="res\Items3D\Item_3d_Chest.bmp">
      <Filter>Resource Files</Filter>
    </Image>
    <Image Include="res\Items3D\Item_3d_ChestCenter.bmp">
      <Filter>Resource Files</Filter>
    </Image>
    <Image Include="res\OpenChest.bmp">
      <Filter>Resource Files</Filter>
    </Image>
    <Image Include="res\Items3D\Item_3d_Gem_Blue.bmp">
      <Filter>Resource Files</Filter>
    </Image>
    <Image Include="res\Items3D\Item_3d_Gem_Green.bmp">
      <Filter>Resource Files</Filter>
    </Image>
    <Image Include="res\Items3D\Item_3d_Gem_Orange.bmp">
      <Filter>Resource Files</Filter>
    </Image>
    <Image Include="res\Monster\Giggler_Attack.bmp">
      <Filter>Resource Files</Filter>
    </Image>
    <Image Include="res\Monster\Giggler_Back.bmp">
      <Filter>Resource Files</Filter>
    </Image>
    <Image Include="res\Monster\Giggler_Front.bmp">
      <Filter>Resource Files</Filter>
    </Image>
    <Image Include="res\Monster\Giggler_Right.bmp">
      <Filter>Resource Files</Filter>
    </Image>
    <Image Include="res\Items3D\Bones.bmp">
      <Filter>Resource Files</Filter>
    </Image>
    <Image Include="res\Door\Door_Iron_Full_1.bmp">
      <Filter>Resource Files</Filter>
    </Image>
    <Image Include="res\Door\Door_Iron_Full_2.bmp">
      <Filter>Resource Files</Filter>
    </Image>
    <Image Include="res\Door\Door_Iron_Full_3.bmp">
      <Filter>Resource Files</Filter>
    </Image>
    <Image Include="res\Door\Door_Ra_1.bmp">
      <Filter>Resource Files</Filter>
    </Image>
    <Image Include="res\Door\Door_Ra_2.bmp">
      <Filter>Resource Files</Filter>
    </Image>
    <Image Include="res\Door\Door_Ra_3.bmp">
      <Filter>Resource Files</Filter>
    </Image>
    <Image Include="res\WallDeco\WallDeco_43_Front.bmp">
      <Filter>Resource Files</Filter>
    </Image>
    <Image Include="res\WallDeco\WallDeco_43Left.bmp">
      <Filter>Resource Files</Filter>
    </Image>
    <Image Include="res\Items2D\ChampionPortraits.bmp">
      <Filter>Resource Files</Filter>
    </Image>
    <Image Include="res\WallDeco\WallDeco_8_Front.bmp">
      <Filter>Resource Files</Filter>
    </Image>
    <Image Include="res\WallDeco\WallDeco_8_Left.bmp">
      <Filter>Resource Files</Filter>
    </Image>
    <Image Include="res\WallDeco\WallDeco_9_Front.bmp">
      <Filter>Resource Files</Filter>
    </Image>
    <Image Include="res\WallDeco\WallDeco_9_Left.bmp">
      <Filter>Resource Files</Filter>
    </Image>
    <Image Include="res\WallDeco\WallDeco_12_Front.bmp">
      <Filter>Resource Files</Filter>
    </Image>
    <Image Include="res\WallDeco\WallDeco_12_Left.bmp">
      <Filter>Resource Files</Filter>
    </Image>
    <Image Include="res\WallDeco\WallDeco_13_Front.bmp">
      <Filter>Resource Files</Filter>
    </Image>
    <Image Include="res\WallDeco\WallDeco_13_Left.bmp">
      <Filter>Resource Files</Filter>
    </Image>
    <Image Include="res\WallDeco\WallDeco_37_Front.bmp">
      <Filter>Resource Files</Filter>
    </Image>
    <Image Include="res\WallDeco\WallDeco_37_Left.bmp">
      <Filter>Resource Files</Filter>
    </Image>
    <Image Include="res\WallDeco\WallDeco_39_Front.bmp">
      <Filter>Resource Files</Filter>
    </Image>
    <Image Include="res\WallDeco\WallDeco_39_Left.bmp">
      <Filter>Resource Files</Filter>
    </Image>
    <Image Include="res\WallDeco\WallDeco_59_Front.bmp">
      <Filter>Resource Files</Filter>
    </Image>
    <Image Include="res\WallDeco\WallDeco_59-Left.bmp">
      <Filter>Resource Files</Filter>
    </Image>
    <Image Include="res\WallDeco\WallDeco_58_Front.bmp">
      <Filter>Resource Files</Filter>
    </Image>
    <Image Include="res\WallDeco\WallDeco_58_Left.bmp">
      <Filter>Resource Files</Filter>
    </Image>
    <Image Include="res\WallDeco\WallDeco_57_Front.bmp">
      <Filter>Resource Files</Filter>
    </Image>
    <Image Include="res\WallDeco\WallDeco_57_Left.bmp">
      <Filter>Resource Files</Filter>
    </Image>
    <Image Include="res\WallDeco\WallDeco_56_Front.bmp">
      <Filter>Resource Files</Filter>
    </Image>
    <Image Include="res\WallDeco\WallDeco_56_Left.bmp">
      <Filter>Resource Files</Filter>
    </Image>
    <Image Include="res\WallDeco\WallDeco_42_Front.bmp">
      <Filter>Resource Files</Filter>
    </Image>
    <Image Include="res\WallDeco\WallDeco_42_Left.bmp">
      <Filter>Resource Files</Filter>
    </Image>
    <Image Include="res\WallDeco\WallDeco_41_Front.bmp">
      <Filter>Resource Files</Filter>
    </Image>
    <Image Include="res\WallDeco\WallDeco_41_Left.bmp">
      <Filter>Resource Files</Filter>
    </Image>
    <Image Include="res\WallDeco\WallDeco_40_Front.bmp">
      <Filter>Resource Files</Filter>
    </Image>
    <Image Include="res\WallDeco\WallDeco_40_Left.bmp">
      <Filter>Resource Files</Filter>
    </Image>
    <Image Include="res\WallDeco\WallDeco_0_Front.bmp">
      <Filter>Resource Files</Filter>
    </Image>
    <Image Include="res\WallDeco\WallDeco_0-Left.bmp">
      <Filter>Resource Files</Filter>
    </Image>
  </ItemGroup>
  <ItemGroup>
    <Text Include="ReadMe.txt" />
  </ItemGroup>
  <ItemGroup>
    <CustomBuild Include="res\DM.rc2">
      <Filter>Resource Files</Filter>
    </CustomBuild>
  </ItemGroup>
  <ItemGroup>
    <Media Include="sound\DMCSB-SoundEffect-RunningIntoAWall.mp3" />
    <Media Include="sound\DMCSB-SoundEffect-Door.mp3" />
    <Media Include="sound\DMCSB-SoundEffect-Move(Skeleton).mp3" />
  </ItemGroup>
  <ItemGroup>
    <Xml Include="Maps\_dungeon.dat.xml" />
    <Xml Include="Maps\0000.DUNGEON [Dungeon].xml" />
    <Xml Include="Maps\items.xml" />
    <Xml Include="Maps\attack.xml" />
    <Xml Include="Maps\monster.xml" />
  </ItemGroup>
</Project>