<?xml version="1.0" encoding="utf-8"?>
<Project ToolsVersion="4.0" xmlns="http://schemas.microsoft.com/developer/msbuild/2003">
  <ItemGroup>
    <Filter Include="Source Files">
      <UniqueIdentifier>{6180bb6c-717a-46ee-b1fe-03b88c46dc25}</UniqueIdentifier>
      <Extensions>cpp;c;cxx;rc;def;r;odl;idl;hpj;bat</Extensions>
    </Filter>
    <Filter Include="Header Files">
      <UniqueIdentifier>{5b0a8a9b-1848-405d-b838-cec013f10d53}</UniqueIdentifier>
      <Extensions>h;hpp;hxx;hm;inl</Extensions>
    </Filter>
    <Filter Include="Resource Files">
      <UniqueIdentifier>{3693650b-efbd-4704-bf15-cd7ab07ae9f8}</UniqueIdentifier>
      <Extensions>ico;cur;bmp;dlg;rc2;rct;bin;cnt;rtf;gif;jpg;jpeg;jpe</Extensions>
    </Filter>
  </ItemGroup>
  <ItemGroup>
    <ClCompile Include="Mobs\Character.cpp">
      <Filter>Source Files</Filter>
    </ClCompile>
    <ClCompile Include="DM.cpp">
      <Filter>Source Files</Filter>
    </ClCompile>
    <ClCompile Include="DMDoc.cpp">
      <Filter>Source Files</Filter>
    </ClCompile>
    <ClCompile Include="Views\DMView.cpp">
      <Filter>Source Files</Filter>
    </ClCompile>
    <ClCompile Include="Feld.cpp">
      <Filter>Source Files</Filter>
    </ClCompile>
    <ClCompile Include="Mobs\MobGroups\GrpChar.cpp">
      <Filter>Source Files</Filter>
    </ClCompile>
    <ClCompile Include="Mobs\MobGroups\GrpHeld.cpp">
      <Filter>Source Files</Filter>
    </ClCompile>
    <ClCompile Include="Mobs\MobGroups\GrpMonster.cpp">
      <Filter>Source Files</Filter>
    </ClCompile>
    <ClCompile Include="Mobs\Held.cpp">
      <Filter>Source Files</Filter>
    </ClCompile>
    <ClCompile Include="MainFrm.cpp">
      <Filter>Source Files</Filter>
    </ClCompile>
    <ClCompile Include="Mobs\Monster.cpp">
      <Filter>Source Files</Filter>
    </ClCompile>
    <ClCompile Include="Views\RaumView.cpp">
      <Filter>Source Files</Filter>
    </ClCompile>
    <ClCompile Include="Rucksack.cpp">
      <Filter>Source Files</Filter>
    </ClCompile>
    <ClCompile Include="StdAfx.cpp">
      <Filter>Source Files</Filter>
    </ClCompile>
    <ClCompile Include="Views\ZauberView.cpp">
      <Filter>Source Files</Filter>
    </ClCompile>
    <ClCompile Include="Items\Decoration.cpp">
      <Filter>Source Files</Filter>
    </ClCompile>
    <ClCompile Include="Pictures\CPictures.cpp">
      <Filter>Source Files</Filter>
    </ClCompile>
    <ClCompile Include="CHelpfulValues.cpp">
      <Filter>Source Files</Filter>
    </ClCompile>
    <ClCompile Include="Mobs\Skelett.cpp">
      <Filter>Source Files</Filter>
    </ClCompile>
    <ClCompile Include="Mobs\Mumie.cpp">
      <Filter>Source Files</Filter>
    </ClCompile>
    <ClCompile Include="SpecialTile\CDoor.cpp">
      <Filter>Source Files</Filter>
    </ClCompile>
    <ClCompile Include="Pictures\CDoorPic.cpp">
      <Filter>Source Files</Filter>
    </ClCompile>
    <ClCompile Include="Pictures\CLeverPic.cpp">
      <Filter>Source Files</Filter>
    </ClCompile>
    <ClCompile Include="Pictures\CBasePictures.cpp">
      <Filter>Source Files</Filter>
    </ClCompile>
    <ClCompile Include="Pictures\CWallPic.cpp">
      <Filter>Source Files</Filter>
    </ClCompile>
    <ClCompile Include="Pictures\CFountainPic.cpp">
      <Filter>Source Files</Filter>
    </ClCompile>
    <ClCompile Include="CScreenCoords.cpp">
      <Filter>Source Files</Filter>
    </ClCompile>
    <ClCompile Include="CDungeonMap.cpp">
      <Filter>Source Files</Filter>
    </ClCompile>
    <ClCompile Include="TinyXML\tinystr.cpp">
      <Filter>Source Files</Filter>
    </ClCompile>
    <ClCompile Include="TinyXML\tinyxml.cpp">
      <Filter>Source Files</Filter>
    </ClCompile>
    <ClCompile Include="TinyXML\tinyxmlerror.cpp">
      <Filter>Source Files</Filter>
    </ClCompile>
    <ClCompile Include="TinyXML\tinyxmlparser.cpp">
      <Filter>Source Files</Filter>
    </ClCompile>
    <ClCompile Include="Pictures\Creatures\CSkeletonPic.cpp">
      <Filter>Source Files</Filter>
    </ClCompile>
    <ClCompile Include="Pictures\Creatures\CMummyPic.cpp">
      <Filter>Source Files</Filter>
    </ClCompile>
    <ClCompile Include="Pictures\Creatures\CMonsterPic.cpp">
      <Filter>Source Files</Filter>
    </ClCompile>
    <ClCompile Include="Pictures\CStairsPic.cpp">
      <Filter>Source Files</Filter>
    </ClCompile>
    <ClCompile Include="SpecialTile\CStairs.cpp">
      <Filter>Source Files</Filter>
    </ClCompile>
    <ClCompile Include="SpecialTile\CTile.cpp">
      <Filter>Source Files</Filter>
    </ClCompile>
    <ClCompile Include="Items\CMiscellaneous.cpp">
      <Filter>Source Files</Filter>
    </ClCompile>
    <ClCompile Include="Pictures\Items2D\CItemPic.cpp">
      <Filter>Source Files</Filter>
    </ClCompile>
    <ClCompile Include="Pictures\Items3D\CItem3DPic.cpp">
      <Filter>Source Files</Filter>
    </ClCompile>
    <ClCompile Include="ColorCursor\ColorCursor.cpp">
      <Filter>Source Files</Filter>
    </ClCompile>
    <ClCompile Include="Pictures\CPressurePadPic.cpp">
      <Filter>Source Files</Filter>
    </ClCompile>
    <ClCompile Include="Items\CActuator.cpp">
      <Filter>Source Files</Filter>
    </ClCompile>
    <ClCompile Include="Pictures\CFloorOrnatePic.cpp">
      <Filter>Source Files</Filter>
    </ClCompile>
    <ClCompile Include="Items\CFloorOrnate.cpp">
      <Filter>Source Files</Filter>
    </ClCompile>
    <ClCompile Include="SpecialTile\CPit.cpp">
      <Filter>Source Files</Filter>
    </ClCompile>
    <ClCompile Include="Pictures\CPitPic.cpp">
      <Filter>Source Files</Filter>
    </ClCompile>
    <ClCompile Include="Pictures\CTeleportPic.cpp">
      <Filter>Source Files</Filter>
    </ClCompile>
    <ClCompile Include="SpecialTile\CTeleporter.cpp">
      <Filter>Source Files</Filter>
    </ClCompile>
    <ClCompile Include="SpecialTile\CTeleporterAttributes.cpp">
      <Filter>Source Files</Filter>
    </ClCompile>
    <ClCompile Include="Views\CGroupView.cpp">
      <Filter>Source Files</Filter>
    </ClCompile>
    <ClCompile Include="Views\CBackpackView.cpp">
      <Filter>Source Files</Filter>
    </ClCompile>
    <ClCompile Include="Pictures\CLockPic.cpp">
      <Filter>Source Files</Filter>
    </ClCompile>
  </ItemGroup>
  <ItemGroup>
    <ResourceCompile Include="DM.rc">
      <Filter>Source Files</Filter>
    </ResourceCompile>
  </ItemGroup>
  <ItemGroup>
    <ClInclude Include="Mobs\Character.h">
      <Filter>Header Files</Filter>
    </ClInclude>
    <ClInclude Include="DM.h">
      <Filter>Header Files</Filter>
    </ClInclude>
    <ClInclude Include="DMDoc.h">
      <Filter>Header Files</Filter>
    </ClInclude>
    <ClInclude Include="Views\DMView.h">
      <Filter>Header Files</Filter>
    </ClInclude>
    <ClInclude Include="Feld.h">
      <Filter>Header Files</Filter>
    </ClInclude>
    <ClInclude Include="Mobs\MobGroups\GrpChar.h">
      <Filter>Header Files</Filter>
    </ClInclude>
    <ClInclude Include="Mobs\MobGroups\GrpHeld.h">
      <Filter>Header Files</Filter>
    </ClInclude>
    <ClInclude Include="Mobs\MobGroups\GrpMonster.h">
      <Filter>Header Files</Filter>
    </ClInclude>
    <ClInclude Include="Mobs\Held.h">
      <Filter>Header Files</Filter>
    </ClInclude>
    <ClInclude Include="MainFrm.h">
      <Filter>Header Files</Filter>
    </ClInclude>
    <ClInclude Include="Mobs\Monster.h">
      <Filter>Header Files</Filter>
    </ClInclude>
    <ClInclude Include="Views\RaumView.h">
      <Filter>Header Files</Filter>
    </ClInclude>
    <ClInclude Include="Resource.h">
      <Filter>Header Files</Filter>
    </ClInclude>
    <ClInclude Include="Rucksack.h">
      <Filter>Header Files</Filter>
    </ClInclude>
    <ClInclude Include="StdAfx.h">
      <Filter>Header Files</Filter>
    </ClInclude>
    <ClInclude Include="Views\ZauberView.h">
      <Filter>Header Files</Filter>
    </ClInclude>
    <ClInclude Include="Items\Decoration.h">
      <Filter>Header Files</Filter>
    </ClInclude>
    <ClInclude Include="Pictures\CPictures.h">
      <Filter>Header Files</Filter>
    </ClInclude>
    <ClInclude Include="CHelpfulValues.h">
      <Filter>Header Files</Filter>
    </ClInclude>
    <ClInclude Include="Mobs\Skelett.h">
      <Filter>Header Files</Filter>
    </ClInclude>
    <ClInclude Include="Mobs\Mumie.h">
      <Filter>Header Files</Filter>
    </ClInclude>
    <ClInclude Include="SpecialTile\CDoor.h">
      <Filter>Header Files</Filter>
    </ClInclude>
    <ClInclude Include="Pictures\CDoorPic.h">
      <Filter>Header Files</Filter>
    </ClInclude>
    <ClInclude Include="Pictures\CLeverPic.h">
      <Filter>Header Files</Filter>
    </ClInclude>
    <ClInclude Include="Pictures\CBasePictures.h">
      <Filter>Header Files</Filter>
    </ClInclude>
    <ClInclude Include="Pictures\CWallPic.h">
      <Filter>Header Files</Filter>
    </ClInclude>
    <ClInclude Include="Pictures\CFountainPic.h">
      <Filter>Header Files</Filter>
    </ClInclude>
    <ClInclude Include="CScreenCoords.h">
      <Filter>Header Files</Filter>
    </ClInclude>
    <ClInclude Include="CDungeonMap.h">
      <Filter>Header Files</Filter>
    </ClInclude>
    <ClInclude Include="TinyXML\tinystr.h">
      <Filter>Header Files</Filter>
    </ClInclude>
    <ClInclude Include="TinyXML\tinyxml.h">
      <Filter>Header Files</Filter>
    </ClInclude>
    <ClInclude Include="Pictures\Creatures\CSkeletonPic.h">
      <Filter>Header Files</Filter>
    </ClInclude>
    <ClInclude Include="Pictures\Creatures\CMummyPic.h">
      <Filter>Header Files</Filter>
    </ClInclude>
    <ClInclude Include="Pictures\Creatures\CMonsterPic.h">
      <Filter>Header Files</Filter>
    </ClInclude>
    <ClInclude Include="Pictures\CStairsPic.h">
      <Filter>Header Files</Filter>
    </ClInclude>
    <ClInclude Include="SpecialTile\CStairs.h">
      <Filter>Header Files</Filter>
    </ClInclude>
    <ClInclude Include="SpecialTile\CTile.h">
      <Filter>Header Files</Filter>
    </ClInclude>
    <ClInclude Include="Items\CMiscellaneous.h">
      <Filter>Header Files</Filter>
    </ClInclude>
    <ClInclude Include="Pictures\Items2D\CItemPic.h">
      <Filter>Header Files</Filter>
    </ClInclude>
    <ClInclude Include="Pictures\Items3D\CItem3DPic.h">
      <Filter>Header Files</Filter>
    </ClInclude>
    <ClInclude Include="ColorCursor\ColorCursor.h">
      <Filter>Header Files</Filter>
    </ClInclude>
    <ClInclude Include="Pictures\CPressurePadPic.h">
      <Filter>Header Files</Filter>
    </ClInclude>
    <ClInclude Include="Items\CActuator.h">
      <Filter>Header Files</Filter>
    </ClInclude>
    <ClInclude Include="Pictures\CFloorOrnatePic.h">
      <Filter>Header Files</Filter>
    </ClInclude>
    <ClInclude Include="Items\CFloorOrnate.h">
      <Filter>Header Files</Filter>
    </ClInclude>
    <ClInclude Include="SpecialTile\CPit.h">
      <Filter>Header Files</Filter>
    </ClInclude>
    <ClInclude Include="Pictures\CPitPic.h">
      <Filter>Header Files</Filter>
    </ClInclude>
    <ClInclude Include="Pictures\CTeleportPic.h">
      <Filter>Header Files</Filter>
    </ClInclude>
    <ClInclude Include="SpecialTile\CTeleporter.h">
      <Filter>Header Files</Filter>
    </ClInclude>
    <ClInclude Include="SpecialTile\CTeleporterAttributes.h">
      <Filter>Header Files</Filter>
    </ClInclude>
    <ClInclude Include="Views\CGroupView.h">
      <Filter>Header Files</Filter>
    </ClInclude>
    <ClInclude Include="Views\CBackpackView.h">
      <Filter>Header Files</Filter>
    </ClInclude>
    <ClInclude Include="Pictures\CLockPic.h">
      <Filter>Header Files</Filter>
    </ClInclude>
  </ItemGroup>
  <ItemGroup>
    <Image Include="res\DM.ico">
      <Filter>Resource Files</Filter>
    </Image>
    <Image Include="res\DMDoc.ico">
      <Filter>Resource Files</Filter>
    </Image>
    <Image Include="res\E.bmp">
      <Filter>Resource Files</Filter>
    </Image>
    <Image Include="res\Icons.bmp">
      <Filter>Resource Files</Filter>
    </Image>
    <Image Include="res\Icons3d.bmp">
      <Filter>Resource Files</Filter>
    </Image>
    <Image Include="res\Icons3db.bmp">
      <Filter>Resource Files</Filter>
    </Image>
    <Image Include="res\Kram.bmp">
      <Filter>Resource Files</Filter>
    </Image>
    <Image Include="res\Pcst_042.bmp">
      <Filter>Resource Files</Filter>
    </Image>
    <Image Include="res\Pinv.bmp">
      <Filter>Resource Files</Filter>
    </Image>
    <Image Include="res\Ruck.bmp">
      <Filter>Resource Files</Filter>
    </Image>
    <Image Include="res\Steine.bmp">
      <Filter>Resource Files</Filter>
    </Image>
    <Image Include="res\Wall0_Left.bmp">
      <Filter>Resource Files</Filter>
    </Image>
    <Image Include="res\Wall0_LeftF.bmp">
      <Filter>Resource Files</Filter>
    </Image>
    <Image Include="res\Wall0_Right.bmp">
      <Filter>Resource Files</Filter>
    </Image>
    <Image Include="res\Wall0_RightF.bmp">
      <Filter>Resource Files</Filter>
    </Image>
    <Image Include="res\Wall1_Front.bmp">
      <Filter>Resource Files</Filter>
    </Image>
    <Image Include="res\Wall1_FrontF.bmp">
      <Filter>Resource Files</Filter>
    </Image>
    <Image Include="res\Wall1_Left.bmp">
      <Filter>Resource Files</Filter>
    </Image>
    <Image Include="res\Wall1_LeftF.bmp">
      <Filter>Resource Files</Filter>
    </Image>
    <Image Include="res\Wall1_Right.bmp">
      <Filter>Resource Files</Filter>
    </Image>
    <Image Include="res\Wall1_RightF.bmp">
      <Filter>Resource Files</Filter>
    </Image>
    <Image Include="res\Wall2_FarLeft.bmp">
      <Filter>Resource Files</Filter>
    </Image>
    <Image Include="res\Wall2_FarRight.bmp">
      <Filter>Resource Files</Filter>
    </Image>
    <Image Include="res\Wall2_Front.bmp">
      <Filter>Resource Files</Filter>
    </Image>
    <Image Include="res\Wall2_FrontF.bmp">
      <Filter>Resource Files</Filter>
    </Image>
    <Image Include="res\Wall2_Left.bmp">
      <Filter>Resource Files</Filter>
    </Image>
    <Image Include="res\Wall2_LeftF.bmp">
      <Filter>Resource Files</Filter>
    </Image>
    <Image Include="res\Wall2_Right.bmp">
      <Filter>Resource Files</Filter>
    </Image>
    <Image Include="res\Wall2_RightF.bmp">
      <Filter>Resource Files</Filter>
    </Image>
    <Image Include="res\Wall3_FarLeft.bmp">
      <Filter>Resource Files</Filter>
    </Image>
    <Image Include="res\Wall3_FarRight.bmp">
      <Filter>Resource Files</Filter>
    </Image>
    <Image Include="res\Wall3_Front.bmp">
      <Filter>Resource Files</Filter>
    </Image>
    <Image Include="res\Wall3_FrontF.bmp">
      <Filter>Resource Files</Filter>
    </Image>
    <Image Include="res\Wall3_Left.bmp">
      <Filter>Resource Files</Filter>
    </Image>
    <Image Include="res\Wall3_LeftF.bmp">
      <Filter>Resource Files</Filter>
    </Image>
    <Image Include="res\Wall3_Right.bmp">
      <Filter>Resource Files</Filter>
    </Image>
    <Image Include="res\Wall3_RightF.bmp">
      <Filter>Resource Files</Filter>
    </Image>
    <Image Include="res\Skeleton_Right.bmp">
      <Filter>Resource Files</Filter>
    </Image>
    <Image Include="res\Skeleton_Attack.bmp">
      <Filter>Resource Files</Filter>
    </Image>
    <Image Include="res\Skeleton_Back.bmp">
      <Filter>Resource Files</Filter>
    </Image>
    <Image Include="res\Skeleton_Front.bmp">
      <Filter>Resource Files</Filter>
    </Image>
    <Image Include="res\bitmap1.bmp">
      <Filter>Resource Files</Filter>
    </Image>
    <Image Include="res\Mummy_Attack.bmp">
      <Filter>Resource Files</Filter>
    </Image>
    <Image Include="res\Mummy_Back.bmp">
      <Filter>Resource Files</Filter>
    </Image>
    <Image Include="res\Mummy_Front.bmp">
      <Filter>Resource Files</Filter>
    </Image>
    <Image Include="res\Mummy_Right.bmp">
      <Filter>Resource Files</Filter>
    </Image>
    <Image Include="res\LeverDown_Front.bmp">
      <Filter>Resource Files</Filter>
    </Image>
    <Image Include="res\LeverDown_Right.bmp">
      <Filter>Resource Files</Filter>
    </Image>
    <Image Include="res\LeverUp_Front.bmp">
      <Filter>Resource Files</Filter>
    </Image>
    <Image Include="res\LeverUp_Right.bmp">
      <Filter>Resource Files</Filter>
    </Image>
    <Image Include="res\Door_Frame_0_Front.bmp">
      <Filter>Resource Files</Filter>
    </Image>
    <Image Include="res\Door_Frame_1_Left.bmp">
      <Filter>Resource Files</Filter>
    </Image>
    <Image Include="res\Door_Frame_2_Left.bmp">
      <Filter>Resource Files</Filter>
    </Image>
    <Image Include="res\Door_Frame_3_FarLeft.bmp">
      <Filter>Resource Files</Filter>
    </Image>
    <Image Include="res\Door_Frame_3_Left.png" />
    <Image Include="res\Door_Front_Top_1.bmp">
      <Filter>Resource Files</Filter>
    </Image>
    <Image Include="res\Door_Front_Top_2.bmp">
      <Filter>Resource Files</Filter>
    </Image>
    <Image Include="res\Door_Iron_1.bmp">
      <Filter>Resource Files</Filter>
    </Image>
    <Image Include="res\Door_Iron_2.bmp">
      <Filter>Resource Files</Filter>
    </Image>
    <Image Include="res\Door_Iron_3.bmp">
      <Filter>Resource Files</Filter>
    </Image>
    <Image Include="res\Door_Frame_3_Left.bmp">
      <Filter>Resource Files</Filter>
    </Image>
    <Image Include="res\ActionsArea.bmp">
      <Filter>Resource Files</Filter>
    </Image>
    <Image Include="res\OneHand.bmp">
      <Filter>Resource Files</Filter>
    </Image>
    <Image Include="res\ActionsDamage.bmp">
      <Filter>Resource Files</Filter>
    </Image>
    <Image Include="res\Fountain_Left.bmp">
      <Filter>Resource Files</Filter>
    </Image>
    <Image Include="res\Fountain_Front.bmp">
      <Filter>Resource Files</Filter>
    </Image>
    <Image Include="res\Runes1.bmp">
      <Filter>Resource Files</Filter>
    </Image>
    <Image Include="res\Reiter4.bmp">
      <Filter>Resource Files</Filter>
    </Image>
    <Image Include="res\Reiter3.bmp">
      <Filter>Resource Files</Filter>
    </Image>
    <Image Include="res\Runes2.bmp">
      <Filter>Resource Files</Filter>
    </Image>
    <Image Include="res\Runes3.bmp">
      <Filter>Resource Files</Filter>
    </Image>
    <Image Include="res\Stairs_Up3_Left.bmp">
      <Filter>Resource Files</Filter>
    </Image>
    <Image Include="res\Stairs_Down0_Front.bmp">
      <Filter>Resource Files</Filter>
    </Image>
    <Image Include="res\Stairs_Down1_Front.bmp">
      <Filter>Resource Files</Filter>
    </Image>
    <Image Include="res\Stairs_Down1_Left.bmp">
      <Filter>Resource Files</Filter>
    </Image>
    <Image Include="res\Stairs_Down2_Front.bmp">
      <Filter>Resource Files</Filter>
    </Image>
    <Image Include="res\Stairs_Down2_Left.bmp">
      <Filter>Resource Files</Filter>
    </Image>
    <Image Include="res\Stairs_Down3_Front.bmp">
      <Filter>Resource Files</Filter>
    </Image>
    <Image Include="res\Stairs_Down3_Left.bmp">
      <Filter>Resource Files</Filter>
    </Image>
    <Image Include="res\Stairs_Up0_Front.bmp">
      <Filter>Resource Files</Filter>
    </Image>
    <Image Include="res\Stairs_Up1_Front.bmp">
      <Filter>Resource Files</Filter>
    </Image>
    <Image Include="res\Stairs_Up1_Left.bmp">
      <Filter>Resource Files</Filter>
    </Image>
    <Image Include="res\Stairs_Up2_Front.bmp">
      <Filter>Resource Files</Filter>
    </Image>
    <Image Include="res\Stairs_Up2_Left.bmp">
      <Filter>Resource Files</Filter>
    </Image>
    <Image Include="res\Stairs_Up3_Front.bmp">
      <Filter>Resource Files</Filter>
    </Image>
    <Image Include="res\Stairs_DownSide2.bmp">
      <Filter>Resource Files</Filter>
    </Image>
    <Image Include="res\Stairs_Side1.bmp">
      <Filter>Resource Files</Filter>
    </Image>
    <Image Include="res\Stairs_Side3.bmp">
      <Filter>Resource Files</Filter>
    </Image>
    <Image Include="res\Stairs_UpSide2.bmp">
      <Filter>Resource Files</Filter>
    </Image>
    <Image Include="res\Items42.bmp">
      <Filter>Resource Files</Filter>
    </Image>
    <Image Include="res\Items43.bmp">
      <Filter>Resource Files</Filter>
    </Image>
    <Image Include="res\Items44.bmp">
      <Filter>Resource Files</Filter>
    </Image>
    <Image Include="res\Items45.bmp">
      <Filter>Resource Files</Filter>
    </Image>
    <Image Include="res\items46.bmp">
      <Filter>Resource Files</Filter>
    </Image>
    <Image Include="res\Items47.bmp">
      <Filter>Resource Files</Filter>
    </Image>
    <Image Include="res\Items48.bmp">
      <Filter>Resource Files</Filter>
    </Image>
    <Image Include="res\Door_Wood_1.bmp">
      <Filter>Resource Files</Filter>
    </Image>
    <Image Include="res\Door_Wood_2.bmp">
      <Filter>Resource Files</Filter>
    </Image>
    <Image Include="res\Item_3d_Apple.bmp">
      <Filter>Resource Files</Filter>
    </Image>
    <Image Include="res\Door_Wood_3.bmp">
      <Filter>Resource Files</Filter>
    </Image>
    <Image Include="res\Door_Mask_Bashed.bmp">
      <Filter>Resource Files</Filter>
    </Image>
    <Image Include="res\Item_3d_Bread.bmp">
      <Filter>Resource Files</Filter>
    </Image>
    <Image Include="res\SquarePressurePad_1F.bmp">
      <Filter>Resource Files</Filter>
    </Image>
    <Image Include="res\SquarePressurePad_1L.bmp">
      <Filter>Resource Files</Filter>
    </Image>
    <Image Include="res\SquarePressurePad_2F.bmp">
      <Filter>Resource Files</Filter>
    </Image>
    <Image Include="res\SquarePressurePad_2L.bmp">
      <Filter>Resource Files</Filter>
    </Image>
    <Image Include="res\SquarePressurePad_3F.bmp">
      <Filter>Resource Files</Filter>
    </Image>
    <Image Include="res\SquarePressurePad_3L.bmp">
      <Filter>Resource Files</Filter>
    </Image>
    <Image Include="res\FloorMos_F2.bmp">
      <Filter>Resource Files</Filter>
    </Image>
    <Image Include="res\FloorMoss_F1.bmp">
      <Filter>Resource Files</Filter>
    </Image>
    <Image Include="res\FloorMoss_F3.bmp">
      <Filter>Resource Files</Filter>
    </Image>
    <Image Include="res\FloorMoss_L1.bmp">
      <Filter>Resource Files</Filter>
    </Image>
    <Image Include="res\FloorMoss_L2.bmp">
      <Filter>Resource Files</Filter>
    </Image>
    <Image Include="res\FloorMoss_L3.bmp">
      <Filter>Resource Files</Filter>
    </Image>
    <Image Include="res\FloorPuddle_F1.bmp">
      <Filter>Resource Files</Filter>
    </Image>
    <Image Include="res\FloorPuddle_F2.bmp">
      <Filter>Resource Files</Filter>
    </Image>
    <Image Include="res\FloorPuddle_F3.bmp">
      <Filter>Resource Files</Filter>
    </Image>
    <Image Include="res\FloorPuddle_L1.bmp">
      <Filter>Resource Files</Filter>
    </Image>
    <Image Include="res\FloorPuddle_L2.bmp">
      <Filter>Resource Files</Filter>
    </Image>
    <Image Include="res\FloorPuddle_L3.bmp">
      <Filter>Resource Files</Filter>
    </Image>
    <Image Include="res\Manacles_F.bmp">
      <Filter>Resource Files</Filter>
    </Image>
    <Image Include="res\Manacles_L.bmp">
      <Filter>Resource Files</Filter>
    </Image>
    <Image Include="res\CeilingPit_F0.bmp">
      <Filter>Resource Files</Filter>
    </Image>
    <Image Include="res\CeilingPit_F1.bmp">
      <Filter>Resource Files</Filter>
    </Image>
    <Image Include="res\CeilingPit_F2.bmp">
      <Filter>Resource Files</Filter>
    </Image>
    <Image Include="res\CeilingPit_L0.bmp">
      <Filter>Resource Files</Filter>
    </Image>
    <Image Include="res\CeilingPit_L1.bmp">
      <Filter>Resource Files</Filter>
    </Image>
    <Image Include="res\CeilingPit_L2.bmp">
      <Filter>Resource Files</Filter>
    </Image>
    <Image Include="res\FloorPit_F0.bmp">
      <Filter>Resource Files</Filter>
    </Image>
    <Image Include="res\FloorPit_F1.bmp">
      <Filter>Resource Files</Filter>
    </Image>
    <Image Include="res\FloorPit_F2.bmp">
      <Filter>Resource Files</Filter>
    </Image>
    <Image Include="res\FloorPit_F3.bmp">
      <Filter>Resource Files</Filter>
    </Image>
    <Image Include="res\FloorPit_Inv_F0.bmp">
      <Filter>Resource Files</Filter>
    </Image>
    <Image Include="res\FloorPit_Inv_F1.bmp">
      <Filter>Resource Files</Filter>
    </Image>
    <Image Include="res\FloorPit_Inv_F2.bmp">
      <Filter>Resource Files</Filter>
    </Image>
    <Image Include="res\FloorPit_Inv_L0.bmp">
      <Filter>Resource Files</Filter>
    </Image>
    <Image Include="res\FloorPit_Inv_L1.bmp">
      <Filter>Resource Files</Filter>
    </Image>
    <Image Include="res\FloorPit_Inv_L2.bmp">
      <Filter>Resource Files</Filter>
    </Image>
    <Image Include="res\FloorPit_L0.bmp">
      <Filter>Resource Files</Filter>
    </Image>
    <Image Include="res\FloorPit_L1.bmp">
      <Filter>Resource Files</Filter>
    </Image>
    <Image Include="res\FloorPit_L2.bmp">
      <Filter>Resource Files</Filter>
    </Image>
    <Image Include="res\FloorPit_L3.bmp">
      <Filter>Resource Files</Filter>
    </Image>
    <Image Include="res\Teleporter_Segment.bmp">
      <Filter>Resource Files</Filter>
    </Image>
    <Image Include="res\Teleporter.bmp">
      <Filter>Resource Files</Filter>
    </Image>
    <Image Include="res\GoldKey.bmp">
      <Filter>Resource Files</Filter>
    </Image>
    <Image Include="res\IronKey.bmp">
      <Filter>Resource Files</Filter>
    </Image>
    <Image Include="res\LockCross-Front.bmp">
      <Filter>Resource Files</Filter>
    </Image>
    <Image Include="res\LockCross-Left.bmp">
      <Filter>Resource Files</Filter>
    </Image>
    <Image Include="res\LockDoubleIron-Front.bmp">
      <Filter>Resource Files</Filter>
    </Image>
    <Image Include="res\LockDoubleIron-Left.bmp">
      <Filter>Resource Files</Filter>
    </Image>
    <Image Include="res\LockEmerald-Front.bmp">
      <Filter>Resource Files</Filter>
    </Image>
    <Image Include="res\LockEmerald-Left.bmp">
      <Filter>Resource Files</Filter>
    </Image>
    <Image Include="res\LockGold-Front.bmp">
      <Filter>Resource Files</Filter>
    </Image>
    <Image Include="res\LockGold-Left.bmp">
      <Filter>Resource Files</Filter>
    </Image>
    <Image Include="res\LockIron-Front.bmp">
      <Filter>Resource Files</Filter>
    </Image>
    <Image Include="res\LockIron-Left.bmp">
      <Filter>Resource Files</Filter>
    </Image>
    <Image Include="res\LockMaster-Front.bmp">
      <Filter>Resource Files</Filter>
    </Image>
    <Image Include="res\LockMaster-Left.bmp">
      <Filter>Resource Files</Filter>
    </Image>
    <Image Include="res\LockOnyx-Front.bmp">
      <Filter>Resource Files</Filter>
    </Image>
    <Image Include="res\LockOnyx-Left.bmp">
      <Filter>Resource Files</Filter>
    </Image>
    <Image Include="res\LockQuare-Front.bmp">
      <Filter>Resource Files</Filter>
    </Image>
    <Image Include="res\LockRa-Front.bmp">
      <Filter>Resource Files</Filter>
    </Image>
    <Image Include="res\LockRa-Left.bmp">
      <Filter>Resource Files</Filter>
    </Image>
    <Image Include="res\LockRuby-Front.bmp">
      <Filter>Resource Files</Filter>
    </Image>
    <Image Include="res\LockRuby-Left.bmp">
      <Filter>Resource Files</Filter>
    </Image>
    <Image Include="res\LockSkeleton-Front.bmp">
      <Filter>Resource Files</Filter>
    </Image>
    <Image Include="res\LockSkeleton-Left.bmp">
      <Filter>Resource Files</Filter>
    </Image>
    <Image Include="res\LockSquare-Left.bmp">
      <Filter>Resource Files</Filter>
    </Image>
    <Image Include="res\LockStone-Front.bmp">
      <Filter>Resource Files</Filter>
    </Image>
    <Image Include="res\LockStone-Left.bmp">
      <Filter>Resource Files</Filter>
    </Image>
    <Image Include="res\LockTopaz-Front.bmp">
      <Filter>Resource Files</Filter>
    </Image>
    <Image Include="res\LockTopaz-Left.bmp">
      <Filter>Resource Files</Filter>
    </Image>
    <Image Include="res\LockTourquoise-Front.bmp">
      <Filter>Resource Files</Filter>
    </Image>
    <Image Include="res\LockTourquoise-Left.bmp">
      <Filter>Resource Files</Filter>
    </Image>
    <Image Include="res\LockWinged-Front.bmp">
      <Filter>Resource Files</Filter>
    </Image>
    <Image Include="res\LockWinged-Left.bmp">
      <Filter>Resource Files</Filter>
    </Image>
    <Image Include="res\LockSquare-Front.bmp">
      <Filter>Resource Files</Filter>
    </Image>
  </ItemGroup>
  <ItemGroup>
    <Text Include="ReadMe.txt" />
  </ItemGroup>
  <ItemGroup>
    <CustomBuild Include="res\DM.rc2">
      <Filter>Resource Files</Filter>
    </CustomBuild>
  </ItemGroup>
  <ItemGroup>
    <Media Include="sound\DMCSB-SoundEffect-RunningIntoAWall.mp3" />
    <Media Include="sound\DMCSB-SoundEffect-Door.mp3" />
    <Media Include="sound\DMCSB-SoundEffect-Move(Skeleton).mp3" />
  </ItemGroup>
  <ItemGroup>
    <Xml Include="Maps\_dungeon.dat.xml" />
    <Xml Include="Maps\0000.DUNGEON [Dungeon].xml" />
  </ItemGroup>
</Project>